// !$*UTF8*$!
{
	archiveVersion = 1;
	classes = {
	};
	objectVersion = 50;
	objects = {

/* Begin PBXBuildFile section */
		127744462722A82A007D63AC /* AppDelegate.swift in Sources */ = {isa = PBXBuildFile; fileRef = 127744452722A82A007D63AC /* AppDelegate.swift */; };
		127744482722A82A007D63AC /* SceneDelegate.swift in Sources */ = {isa = PBXBuildFile; fileRef = 127744472722A82A007D63AC /* SceneDelegate.swift */; };
		1277444A2722A82A007D63AC /* ViewController.swift in Sources */ = {isa = PBXBuildFile; fileRef = 127744492722A82A007D63AC /* ViewController.swift */; };
		1277444D2722A82A007D63AC /* Main.storyboard in Resources */ = {isa = PBXBuildFile; fileRef = 1277444B2722A82A007D63AC /* Main.storyboard */; };
		1277444F2722A82D007D63AC /* Assets.xcassets in Resources */ = {isa = PBXBuildFile; fileRef = 1277444E2722A82D007D63AC /* Assets.xcassets */; };
		127744522722A82D007D63AC /* LaunchScreen.storyboard in Resources */ = {isa = PBXBuildFile; fileRef = 127744502722A82D007D63AC /* LaunchScreen.storyboard */; };
		1277445D2722A82D007D63AC /* UITestingTests.swift in Sources */ = {isa = PBXBuildFile; fileRef = 1277445C2722A82D007D63AC /* UITestingTests.swift */; };
		127744682722A82D007D63AC /* UITestingUITests.swift in Sources */ = {isa = PBXBuildFile; fileRef = 127744672722A82D007D63AC /* UITestingUITests.swift */; };
/* End PBXBuildFile section */

/* Begin PBXContainerItemProxy section */
		127744592722A82D007D63AC /* PBXContainerItemProxy */ = {
			isa = PBXContainerItemProxy;
			containerPortal = 1277443A2722A82A007D63AC /* Project object */;
			proxyType = 1;
			remoteGlobalIDString = 127744412722A82A007D63AC;
			remoteInfo = UITesting;
		};
		127744642722A82D007D63AC /* PBXContainerItemProxy */ = {
			isa = PBXContainerItemProxy;
			containerPortal = 1277443A2722A82A007D63AC /* Project object */;
			proxyType = 1;
			remoteGlobalIDString = 127744412722A82A007D63AC;
			remoteInfo = UITesting;
		};
/* End PBXContainerItemProxy section */

/* Begin PBXFileReference section */
		127744422722A82A007D63AC /* UITesting.app */ = {isa = PBXFileReference; explicitFileType = wrapper.application; includeInIndex = 0; path = UITesting.app; sourceTree = BUILT_PRODUCTS_DIR; };
		127744452722A82A007D63AC /* AppDelegate.swift */ = {isa = PBXFileReference; lastKnownFileType = sourcecode.swift; path = AppDelegate.swift; sourceTree = "<group>"; };
		127744472722A82A007D63AC /* SceneDelegate.swift */ = {isa = PBXFileReference; lastKnownFileType = sourcecode.swift; path = SceneDelegate.swift; sourceTree = "<group>"; };
		127744492722A82A007D63AC /* ViewController.swift */ = {isa = PBXFileReference; lastKnownFileType = sourcecode.swift; path = ViewController.swift; sourceTree = "<group>"; };
		1277444C2722A82A007D63AC /* Base */ = {isa = PBXFileReference; lastKnownFileType = file.storyboard; name = Base; path = Base.lproj/Main.storyboard; sourceTree = "<group>"; };
		1277444E2722A82D007D63AC /* Assets.xcassets */ = {isa = PBXFileReference; lastKnownFileType = folder.assetcatalog; path = Assets.xcassets; sourceTree = "<group>"; };
		127744512722A82D007D63AC /* Base */ = {isa = PBXFileReference; lastKnownFileType = file.storyboard; name = Base; path = Base.lproj/LaunchScreen.storyboard; sourceTree = "<group>"; };
		127744532722A82D007D63AC /* Info.plist */ = {isa = PBXFileReference; lastKnownFileType = text.plist.xml; path = Info.plist; sourceTree = "<group>"; };
		127744582722A82D007D63AC /* UITestingTests.xctest */ = {isa = PBXFileReference; explicitFileType = wrapper.cfbundle; includeInIndex = 0; path = UITestingTests.xctest; sourceTree = BUILT_PRODUCTS_DIR; };
		1277445C2722A82D007D63AC /* UITestingTests.swift */ = {isa = PBXFileReference; lastKnownFileType = sourcecode.swift; path = UITestingTests.swift; sourceTree = "<group>"; };
		1277445E2722A82D007D63AC /* Info.plist */ = {isa = PBXFileReference; lastKnownFileType = text.plist.xml; path = Info.plist; sourceTree = "<group>"; };
		127744632722A82D007D63AC /* UITestingUITests.xctest */ = {isa = PBXFileReference; explicitFileType = wrapper.cfbundle; includeInIndex = 0; path = UITestingUITests.xctest; sourceTree = BUILT_PRODUCTS_DIR; };
		127744672722A82D007D63AC /* UITestingUITests.swift */ = {isa = PBXFileReference; lastKnownFileType = sourcecode.swift; path = UITestingUITests.swift; sourceTree = "<group>"; };
		127744692722A82D007D63AC /* Info.plist */ = {isa = PBXFileReference; lastKnownFileType = text.plist.xml; path = Info.plist; sourceTree = "<group>"; };
/* End PBXFileReference section */

/* Begin PBXFrameworksBuildPhase section */
		1277443F2722A82A007D63AC /* Frameworks */ = {
			isa = PBXFrameworksBuildPhase;
			buildActionMask = 2147483647;
			files = (
			);
			runOnlyForDeploymentPostprocessing = 0;
		};
		127744552722A82D007D63AC /* Frameworks */ = {
			isa = PBXFrameworksBuildPhase;
			buildActionMask = 2147483647;
			files = (
			);
			runOnlyForDeploymentPostprocessing = 0;
		};
		127744602722A82D007D63AC /* Frameworks */ = {
			isa = PBXFrameworksBuildPhase;
			buildActionMask = 2147483647;
			files = (
			);
			runOnlyForDeploymentPostprocessing = 0;
		};
/* End PBXFrameworksBuildPhase section */

/* Begin PBXGroup section */
		127744392722A82A007D63AC = {
			isa = PBXGroup;
			children = (
				127744442722A82A007D63AC /* UITesting */,
				1277445B2722A82D007D63AC /* UITestingTests */,
				127744662722A82D007D63AC /* UITestingUITests */,
				127744432722A82A007D63AC /* Products */,
			);
			sourceTree = "<group>";
		};
		127744432722A82A007D63AC /* Products */ = {
			isa = PBXGroup;
			children = (
				127744422722A82A007D63AC /* UITesting.app */,
				127744582722A82D007D63AC /* UITestingTests.xctest */,
				127744632722A82D007D63AC /* UITestingUITests.xctest */,
			);
			name = Products;
			sourceTree = "<group>";
		};
		127744442722A82A007D63AC /* UITesting */ = {
			isa = PBXGroup;
			children = (
				127744452722A82A007D63AC /* AppDelegate.swift */,
				127744472722A82A007D63AC /* SceneDelegate.swift */,
				127744492722A82A007D63AC /* ViewController.swift */,
				1277444B2722A82A007D63AC /* Main.storyboard */,
				1277444E2722A82D007D63AC /* Assets.xcassets */,
				127744502722A82D007D63AC /* LaunchScreen.storyboard */,
				127744532722A82D007D63AC /* Info.plist */,
			);
			path = UITesting;
			sourceTree = "<group>";
		};
		1277445B2722A82D007D63AC /* UITestingTests */ = {
			isa = PBXGroup;
			children = (
				1277445C2722A82D007D63AC /* UITestingTests.swift */,
				1277445E2722A82D007D63AC /* Info.plist */,
			);
			path = UITestingTests;
			sourceTree = "<group>";
		};
		127744662722A82D007D63AC /* UITestingUITests */ = {
			isa = PBXGroup;
			children = (
				127744672722A82D007D63AC /* UITestingUITests.swift */,
				127744692722A82D007D63AC /* Info.plist */,
			);
			path = UITestingUITests;
			sourceTree = "<group>";
		};
/* End PBXGroup section */

/* Begin PBXNativeTarget section */
		127744412722A82A007D63AC /* UITesting */ = {
			isa = PBXNativeTarget;
			buildConfigurationList = 1277446C2722A82D007D63AC /* Build configuration list for PBXNativeTarget "UITesting" */;
			buildPhases = (
				1277443E2722A82A007D63AC /* Sources */,
				1277443F2722A82A007D63AC /* Frameworks */,
				127744402722A82A007D63AC /* Resources */,
			);
			buildRules = (
			);
			dependencies = (
			);
			name = UITesting;
			productName = UITesting;
			productReference = 127744422722A82A007D63AC /* UITesting.app */;
			productType = "com.apple.product-type.application";
		};
		127744572722A82D007D63AC /* UITestingTests */ = {
			isa = PBXNativeTarget;
			buildConfigurationList = 1277446F2722A82D007D63AC /* Build configuration list for PBXNativeTarget "UITestingTests" */;
			buildPhases = (
				127744542722A82D007D63AC /* Sources */,
				127744552722A82D007D63AC /* Frameworks */,
				127744562722A82D007D63AC /* Resources */,
			);
			buildRules = (
			);
			dependencies = (
				1277445A2722A82D007D63AC /* PBXTargetDependency */,
			);
			name = UITestingTests;
			productName = UITestingTests;
			productReference = 127744582722A82D007D63AC /* UITestingTests.xctest */;
			productType = "com.apple.product-type.bundle.unit-test";
		};
		127744622722A82D007D63AC /* UITestingUITests */ = {
			isa = PBXNativeTarget;
			buildConfigurationList = 127744722722A82D007D63AC /* Build configuration list for PBXNativeTarget "UITestingUITests" */;
			buildPhases = (
				1277445F2722A82D007D63AC /* Sources */,
				127744602722A82D007D63AC /* Frameworks */,
				127744612722A82D007D63AC /* Resources */,
			);
			buildRules = (
			);
			dependencies = (
				127744652722A82D007D63AC /* PBXTargetDependency */,
			);
			name = UITestingUITests;
			productName = UITestingUITests;
			productReference = 127744632722A82D007D63AC /* UITestingUITests.xctest */;
			productType = "com.apple.product-type.bundle.ui-testing";
		};
/* End PBXNativeTarget section */

/* Begin PBXProject section */
		1277443A2722A82A007D63AC /* Project object */ = {
			isa = PBXProject;
			attributes = {
				LastSwiftUpdateCheck = 1240;
				LastUpgradeCheck = 1240;
				TargetAttributes = {
					127744412722A82A007D63AC = {
						CreatedOnToolsVersion = 12.4;
					};
					127744572722A82D007D63AC = {
						CreatedOnToolsVersion = 12.4;
						TestTargetID = 127744412722A82A007D63AC;
					};
					127744622722A82D007D63AC = {
						CreatedOnToolsVersion = 12.4;
						TestTargetID = 127744412722A82A007D63AC;
					};
				};
			};
			buildConfigurationList = 1277443D2722A82A007D63AC /* Build configuration list for PBXProject "UITesting" */;
			compatibilityVersion = "Xcode 9.3";
			developmentRegion = en;
			hasScannedForEncodings = 0;
			knownRegions = (
				en,
				Base,
			);
			mainGroup = 127744392722A82A007D63AC;
			productRefGroup = 127744432722A82A007D63AC /* Products */;
			projectDirPath = "";
			projectRoot = "";
			targets = (
				127744412722A82A007D63AC /* UITesting */,
				127744572722A82D007D63AC /* UITestingTests */,
				127744622722A82D007D63AC /* UITestingUITests */,
			);
		};
/* End PBXProject section */

/* Begin PBXResourcesBuildPhase section */
		127744402722A82A007D63AC /* Resources */ = {
			isa = PBXResourcesBuildPhase;
			buildActionMask = 2147483647;
			files = (
				127744522722A82D007D63AC /* LaunchScreen.storyboard in Resources */,
				1277444F2722A82D007D63AC /* Assets.xcassets in Resources */,
				1277444D2722A82A007D63AC /* Main.storyboard in Resources */,
			);
			runOnlyForDeploymentPostprocessing = 0;
		};
		127744562722A82D007D63AC /* Resources */ = {
			isa = PBXResourcesBuildPhase;
			buildActionMask = 2147483647;
			files = (
			);
			runOnlyForDeploymentPostprocessing = 0;
		};
		127744612722A82D007D63AC /* Resources */ = {
			isa = PBXResourcesBuildPhase;
			buildActionMask = 2147483647;
			files = (
			);
			runOnlyForDeploymentPostprocessing = 0;
		};
/* End PBXResourcesBuildPhase section */

/* Begin PBXSourcesBuildPhase section */
		1277443E2722A82A007D63AC /* Sources */ = {
			isa = PBXSourcesBuildPhase;
			buildActionMask = 2147483647;
			files = (
				1277444A2722A82A007D63AC /* ViewController.swift in Sources */,
				127744462722A82A007D63AC /* AppDelegate.swift in Sources */,
				127744482722A82A007D63AC /* SceneDelegate.swift in Sources */,
			);
			runOnlyForDeploymentPostprocessing = 0;
		};
		127744542722A82D007D63AC /* Sources */ = {
			isa = PBXSourcesBuildPhase;
			buildActionMask = 2147483647;
			files = (
				1277445D2722A82D007D63AC /* UITestingTests.swift in Sources */,
			);
			runOnlyForDeploymentPostprocessing = 0;
		};
		1277445F2722A82D007D63AC /* Sources */ = {
			isa = PBXSourcesBuildPhase;
			buildActionMask = 2147483647;
			files = (
				127744682722A82D007D63AC /* UITestingUITests.swift in Sources */,
			);
			runOnlyForDeploymentPostprocessing = 0;
		};
/* End PBXSourcesBuildPhase section */

/* Begin PBXTargetDependency section */
		1277445A2722A82D007D63AC /* PBXTargetDependency */ = {
			isa = PBXTargetDependency;
			target = 127744412722A82A007D63AC /* UITesting */;
			targetProxy = 127744592722A82D007D63AC /* PBXContainerItemProxy */;
		};
		127744652722A82D007D63AC /* PBXTargetDependency */ = {
			isa = PBXTargetDependency;
			target = 127744412722A82A007D63AC /* UITesting */;
			targetProxy = 127744642722A82D007D63AC /* PBXContainerItemProxy */;
		};
/* End PBXTargetDependency section */

/* Begin PBXVariantGroup section */
		1277444B2722A82A007D63AC /* Main.storyboard */ = {
			isa = PBXVariantGroup;
			children = (
				1277444C2722A82A007D63AC /* Base */,
			);
			name = Main.storyboard;
			sourceTree = "<group>";
		};
		127744502722A82D007D63AC /* LaunchScreen.storyboard */ = {
			isa = PBXVariantGroup;
			children = (
				127744512722A82D007D63AC /* Base */,
			);
			name = LaunchScreen.storyboard;
			sourceTree = "<group>";
		};
/* End PBXVariantGroup section */

/* Begin XCBuildConfiguration section */
		1277446A2722A82D007D63AC /* Debug */ = {
			isa = XCBuildConfiguration;
			buildSettings = {
				ALWAYS_SEARCH_USER_PATHS = NO;
				CLANG_ANALYZER_NONNULL = YES;
				CLANG_ANALYZER_NUMBER_OBJECT_CONVERSION = YES_AGGRESSIVE;
				CLANG_CXX_LANGUAGE_STANDARD = "gnu++14";
				CLANG_CXX_LIBRARY = "libc++";
				CLANG_ENABLE_MODULES = YES;
				CLANG_ENABLE_OBJC_ARC = YES;
				CLANG_ENABLE_OBJC_WEAK = YES;
				CLANG_WARN_BLOCK_CAPTURE_AUTORELEASING = YES;
				CLANG_WARN_BOOL_CONVERSION = YES;
				CLANG_WARN_COMMA = YES;
				CLANG_WARN_CONSTANT_CONVERSION = YES;
				CLANG_WARN_DEPRECATED_OBJC_IMPLEMENTATIONS = YES;
				CLANG_WARN_DIRECT_OBJC_ISA_USAGE = YES_ERROR;
				CLANG_WARN_DOCUMENTATION_COMMENTS = YES;
				CLANG_WARN_EMPTY_BODY = YES;
				CLANG_WARN_ENUM_CONVERSION = YES;
				CLANG_WARN_INFINITE_RECURSION = YES;
				CLANG_WARN_INT_CONVERSION = YES;
				CLANG_WARN_NON_LITERAL_NULL_CONVERSION = YES;
				CLANG_WARN_OBJC_IMPLICIT_RETAIN_SELF = YES;
				CLANG_WARN_OBJC_LITERAL_CONVERSION = YES;
				CLANG_WARN_OBJC_ROOT_CLASS = YES_ERROR;
				CLANG_WARN_QUOTED_INCLUDE_IN_FRAMEWORK_HEADER = YES;
				CLANG_WARN_RANGE_LOOP_ANALYSIS = YES;
				CLANG_WARN_STRICT_PROTOTYPES = YES;
				CLANG_WARN_SUSPICIOUS_MOVE = YES;
				CLANG_WARN_UNGUARDED_AVAILABILITY = YES_AGGRESSIVE;
				CLANG_WARN_UNREACHABLE_CODE = YES;
				CLANG_WARN__DUPLICATE_METHOD_MATCH = YES;
				COPY_PHASE_STRIP = NO;
				DEBUG_INFORMATION_FORMAT = dwarf;
				ENABLE_STRICT_OBJC_MSGSEND = YES;
				ENABLE_TESTABILITY = YES;
				GCC_C_LANGUAGE_STANDARD = gnu11;
				GCC_DYNAMIC_NO_PIC = NO;
				GCC_NO_COMMON_BLOCKS = YES;
				GCC_OPTIMIZATION_LEVEL = 0;
				GCC_PREPROCESSOR_DEFINITIONS = (
					"DEBUG=1",
					"$(inherited)",
				);
				GCC_WARN_64_TO_32_BIT_CONVERSION = YES;
				GCC_WARN_ABOUT_RETURN_TYPE = YES_ERROR;
				GCC_WARN_UNDECLARED_SELECTOR = YES;
				GCC_WARN_UNINITIALIZED_AUTOS = YES_AGGRESSIVE;
				GCC_WARN_UNUSED_FUNCTION = YES;
				GCC_WARN_UNUSED_VARIABLE = YES;
				IPHONEOS_DEPLOYMENT_TARGET = 14.4;
				MTL_ENABLE_DEBUG_INFO = INCLUDE_SOURCE;
				MTL_FAST_MATH = YES;
				ONLY_ACTIVE_ARCH = YES;
				SDKROOT = iphoneos;
				SWIFT_ACTIVE_COMPILATION_CONDITIONS = DEBUG;
				SWIFT_OPTIMIZATION_LEVEL = "-Onone";
			};
			name = Debug;
		};
		1277446B2722A82D007D63AC /* Release */ = {
			isa = XCBuildConfiguration;
			buildSettings = {
				ALWAYS_SEARCH_USER_PATHS = NO;
				CLANG_ANALYZER_NONNULL = YES;
				CLANG_ANALYZER_NUMBER_OBJECT_CONVERSION = YES_AGGRESSIVE;
				CLANG_CXX_LANGUAGE_STANDARD = "gnu++14";
				CLANG_CXX_LIBRARY = "libc++";
				CLANG_ENABLE_MODULES = YES;
				CLANG_ENABLE_OBJC_ARC = YES;
				CLANG_ENABLE_OBJC_WEAK = YES;
				CLANG_WARN_BLOCK_CAPTURE_AUTORELEASING = YES;
				CLANG_WARN_BOOL_CONVERSION = YES;
				CLANG_WARN_COMMA = YES;
				CLANG_WARN_CONSTANT_CONVERSION = YES;
				CLANG_WARN_DEPRECATED_OBJC_IMPLEMENTATIONS = YES;
				CLANG_WARN_DIRECT_OBJC_ISA_USAGE = YES_ERROR;
				CLANG_WARN_DOCUMENTATION_COMMENTS = YES;
				CLANG_WARN_EMPTY_BODY = YES;
				CLANG_WARN_ENUM_CONVERSION = YES;
				CLANG_WARN_INFINITE_RECURSION = YES;
				CLANG_WARN_INT_CONVERSION = YES;
				CLANG_WARN_NON_LITERAL_NULL_CONVERSION = YES;
				CLANG_WARN_OBJC_IMPLICIT_RETAIN_SELF = YES;
				CLANG_WARN_OBJC_LITERAL_CONVERSION = YES;
				CLANG_WARN_OBJC_ROOT_CLASS = YES_ERROR;
				CLANG_WARN_QUOTED_INCLUDE_IN_FRAMEWORK_HEADER = YES;
				CLANG_WARN_RANGE_LOOP_ANALYSIS = YES;
				CLANG_WARN_STRICT_PROTOTYPES = YES;
				CLANG_WARN_SUSPICIOUS_MOVE = YES;
				CLANG_WARN_UNGUARDED_AVAILABILITY = YES_AGGRESSIVE;
				CLANG_WARN_UNREACHABLE_CODE = YES;
				CLANG_WARN__DUPLICATE_METHOD_MATCH = YES;
				COPY_PHASE_STRIP = NO;
				DEBUG_INFORMATION_FORMAT = "dwarf-with-dsym";
				ENABLE_NS_ASSERTIONS = NO;
				ENABLE_STRICT_OBJC_MSGSEND = YES;
				GCC_C_LANGUAGE_STANDARD = gnu11;
				GCC_NO_COMMON_BLOCKS = YES;
				GCC_WARN_64_TO_32_BIT_CONVERSION = YES;
				GCC_WARN_ABOUT_RETURN_TYPE = YES_ERROR;
				GCC_WARN_UNDECLARED_SELECTOR = YES;
				GCC_WARN_UNINITIALIZED_AUTOS = YES_AGGRESSIVE;
				GCC_WARN_UNUSED_FUNCTION = YES;
				GCC_WARN_UNUSED_VARIABLE = YES;
				IPHONEOS_DEPLOYMENT_TARGET = 14.4;
				MTL_ENABLE_DEBUG_INFO = NO;
				MTL_FAST_MATH = YES;
				SDKROOT = iphoneos;
				SWIFT_COMPILATION_MODE = wholemodule;
				SWIFT_OPTIMIZATION_LEVEL = "-O";
				VALIDATE_PRODUCT = YES;
			};
			name = Release;
		};
		1277446D2722A82D007D63AC /* Debug */ = {
			isa = XCBuildConfiguration;
			buildSettings = {
				ASSETCATALOG_COMPILER_APPICON_NAME = AppIcon;
				ASSETCATALOG_COMPILER_GLOBAL_ACCENT_COLOR_NAME = AccentColor;
				CODE_SIGN_STYLE = Automatic;
				INFOPLIST_FILE = UITesting/Info.plist;
				LD_RUNPATH_SEARCH_PATHS = (
					"$(inherited)",
					"@executable_path/Frameworks",
				);
				PRODUCT_BUNDLE_IDENTIFIER = com.macco.UITesting;
				PRODUCT_NAME = "$(TARGET_NAME)";
				SWIFT_VERSION = 5.0;
				TARGETED_DEVICE_FAMILY = "1,2";
			};
			name = Debug;
		};
		1277446E2722A82D007D63AC /* Release */ = {
			isa = XCBuildConfiguration;
			buildSettings = {
				ASSETCATALOG_COMPILER_APPICON_NAME = AppIcon;
				ASSETCATALOG_COMPILER_GLOBAL_ACCENT_COLOR_NAME = AccentColor;
				CODE_SIGN_STYLE = Automatic;
				INFOPLIST_FILE = UITesting/Info.plist;
				LD_RUNPATH_SEARCH_PATHS = (
					"$(inherited)",
					"@executable_path/Frameworks",
				);
				PRODUCT_BUNDLE_IDENTIFIER = com.macco.UITesting;
				PRODUCT_NAME = "$(TARGET_NAME)";
				SWIFT_VERSION = 5.0;
				TARGETED_DEVICE_FAMILY = "1,2";
			};
			name = Release;
		};
		127744702722A82D007D63AC /* Debug */ = {
			isa = XCBuildConfiguration;
			buildSettings = {
				ALWAYS_EMBED_SWIFT_STANDARD_LIBRARIES = YES;
				BUNDLE_LOADER = "$(TEST_HOST)";
				CODE_SIGN_STYLE = Automatic;
				INFOPLIST_FILE = UITestingTests/Info.plist;
				IPHONEOS_DEPLOYMENT_TARGET = 14.4;
				LD_RUNPATH_SEARCH_PATHS = (
					"$(inherited)",
					"@executable_path/Frameworks",
					"@loader_path/Frameworks",
				);
				PRODUCT_BUNDLE_IDENTIFIER = com.macco.UITestingTests;
				PRODUCT_NAME = "$(TARGET_NAME)";
				SWIFT_VERSION = 5.0;
				TARGETED_DEVICE_FAMILY = "1,2";
				TEST_HOST = "$(BUILT_PRODUCTS_DIR)/UITesting.app/UITesting";
			};
			name = Debug;
		};
		127744712722A82D007D63AC /* Release */ = {
			isa = XCBuildConfiguration;
			buildSettings = {
				ALWAYS_EMBED_SWIFT_STANDARD_LIBRARIES = YES;
				BUNDLE_LOADER = "$(TEST_HOST)";
				CODE_SIGN_STYLE = Automatic;
				INFOPLIST_FILE = UITestingTests/Info.plist;
				IPHONEOS_DEPLOYMENT_TARGET = 14.4;
				LD_RUNPATH_SEARCH_PATHS = (
					"$(inherited)",
					"@executable_path/Frameworks",
					"@loader_path/Frameworks",
				);
				PRODUCT_BUNDLE_IDENTIFIER = com.macco.UITestingTests;
				PRODUCT_NAME = "$(TARGET_NAME)";
				SWIFT_VERSION = 5.0;
				TARGETED_DEVICE_FAMILY = "1,2";
				TEST_HOST = "$(BUILT_PRODUCTS_DIR)/UITesting.app/UITesting";
			};
			name = Release;
		};
		127744732722A82D007D63AC /* Debug */ = {
			isa = XCBuildConfiguration;
			buildSettings = {
				ALWAYS_EMBED_SWIFT_STANDARD_LIBRARIES = YES;
				CODE_SIGN_STYLE = Automatic;
				INFOPLIST_FILE = UITestingUITests/Info.plist;
				LD_RUNPATH_SEARCH_PATHS = (
					"$(inherited)",
					"@executable_path/Frameworks",
					"@loader_path/Frameworks",
				);
				PRODUCT_BUNDLE_IDENTIFIER = com.macco.UITestingUITests;
				PRODUCT_NAME = "$(TARGET_NAME)";
				SWIFT_VERSION = 5.0;
				TARGETED_DEVICE_FAMILY = "1,2";
				TEST_TARGET_NAME = UITesting;
			};
			name = Debug;
		};
		127744742722A82D007D63AC /* Release */ = {
			isa = XCBuildConfiguration;
			buildSettings = {
				ALWAYS_EMBED_SWIFT_STANDARD_LIBRARIES = YES;
				CODE_SIGN_STYLE = Automatic;
				INFOPLIST_FILE = UITestingUITests/Info.plist;
				LD_RUNPATH_SEARCH_PATHS = (
					"$(inherited)",
					"@executable_path/Frameworks",
					"@loader_path/Frameworks",
				);
				PRODUCT_BUNDLE_IDENTIFIER = com.macco.UITestingUITests;
				PRODUCT_NAME = "$(TARGET_NAME)";
				SWIFT_VERSION = 5.0;
				TARGETED_DEVICE_FAMILY = "1,2";
				TEST_TARGET_NAME = UITesting;
			};
			name = Release;
		};
/* End XCBuildConfiguration section */

/* Begin XCConfigurationList section */
		1277443D2722A82A007D63AC /* Build configuration list for PBXProject "UITesting" */ = {
			isa = XCConfigurationList;
			buildConfigurations = (
				1277446A2722A82D007D63AC /* Debug */,
				1277446B2722A82D007D63AC /* Release */,
			);
			defaultConfigurationIsVisible = 0;
			defaultConfigurationName = Release;
		};
		1277446C2722A82D007D63AC /* Build configuration list for PBXNativeTarget "UITesting" */ = {
			isa = XCConfigurationList;
			buildConfigurations = (
				1277446D2722A82D007D63AC /* Debug */,
				1277446E2722A82D007D63AC /* Release */,
			);
			defaultConfigurationIsVisible = 0;
			defaultConfigurationName = Release;
		};
		1277446F2722A82D007D63AC /* Build configuration list for PBXNativeTarget "UITestingTests" */ = {
			isa = XCConfigurationList;
			buildConfigurations = (
				127744702722A82D007D63AC /* Debug */,
				127744712722A82D007D63AC /* Release */,
			);
			defaultConfigurationIsVisible = 0;
			defaultConfigurationName = Release;
		};
		127744722722A82D007D63AC /* Build configuration list for PBXNativeTarget "UITestingUITests" */ = {
			isa = XCConfigurationList;
			buildConfigurations = (
				127744732722A82D007D63AC /* Debug */,
				127744742722A82D007D63AC /* Release */,
			);
			defaultConfigurationIsVisible = 0;
			defaultConfigurationName = Release;
		};
/* End XCConfigurationList section */
	};
	rootObject = 1277443A2722A82A007D63AC /* Project object */;
}
