// !$*UTF8*$!
{
	archiveVersion = 1;
	classes = {
	};
	objectVersion = 50;
	objects = {

/* Begin PBXBuildFile section */
		12CA374324A9555400BD6EAD /* MovieCollectionViewCell.swift in Sources */ = {isa = PBXBuildFile; fileRef = 12CA374224A9555400BD6EAD /* MovieCollectionViewCell.swift */; };
		12D13B7B24A8B0C000C83DF4 /* AppDelegate.swift in Sources */ = {isa = PBXBuildFile; fileRef = 12D13B7A24A8B0C000C83DF4 /* AppDelegate.swift */; };
		12D13B7D24A8B0C000C83DF4 /* SceneDelegate.swift in Sources */ = {isa = PBXBuildFile; fileRef = 12D13B7C24A8B0C000C83DF4 /* SceneDelegate.swift */; };
		12D13B7F24A8B0C000C83DF4 /* ViewController.swift in Sources */ = {isa = PBXBuildFile; fileRef = 12D13B7E24A8B0C000C83DF4 /* ViewController.swift */; };
		12D13B8224A8B0C000C83DF4 /* Main.storyboard in Resources */ = {isa = PBXBuildFile; fileRef = 12D13B8024A8B0C000C83DF4 /* Main.storyboard */; };
		12D13B8424A8B0C500C83DF4 /* Assets.xcassets in Resources */ = {isa = PBXBuildFile; fileRef = 12D13B8324A8B0C500C83DF4 /* Assets.xcassets */; };
		12D13B8724A8B0C500C83DF4 /* LaunchScreen.storyboard in Resources */ = {isa = PBXBuildFile; fileRef = 12D13B8524A8B0C500C83DF4 /* LaunchScreen.storyboard */; };
		12D13B8F24A8B5C200C83DF4 /* Movie.swift in Sources */ = {isa = PBXBuildFile; fileRef = 12D13B8E24A8B5C200C83DF4 /* Movie.swift */; };
/* End PBXBuildFile section */

/* Begin PBXFileReference section */
		12CA374224A9555400BD6EAD /* MovieCollectionViewCell.swift */ = {isa = PBXFileReference; lastKnownFileType = sourcecode.swift; path = MovieCollectionViewCell.swift; sourceTree = "<group>"; };
		12D13B7724A8B0C000C83DF4 /* CollectionViews.app */ = {isa = PBXFileReference; explicitFileType = wrapper.application; includeInIndex = 0; path = CollectionViews.app; sourceTree = BUILT_PRODUCTS_DIR; };
		12D13B7A24A8B0C000C83DF4 /* AppDelegate.swift */ = {isa = PBXFileReference; lastKnownFileType = sourcecode.swift; path = AppDelegate.swift; sourceTree = "<group>"; };
		12D13B7C24A8B0C000C83DF4 /* SceneDelegate.swift */ = {isa = PBXFileReference; lastKnownFileType = sourcecode.swift; path = SceneDelegate.swift; sourceTree = "<group>"; };
		12D13B7E24A8B0C000C83DF4 /* ViewController.swift */ = {isa = PBXFileReference; lastKnownFileType = sourcecode.swift; path = ViewController.swift; sourceTree = "<group>"; };
		12D13B8124A8B0C000C83DF4 /* Base */ = {isa = PBXFileReference; lastKnownFileType = file.storyboard; name = Base; path = Base.lproj/Main.storyboard; sourceTree = "<group>"; };
		12D13B8324A8B0C500C83DF4 /* Assets.xcassets */ = {isa = PBXFileReference; lastKnownFileType = folder.assetcatalog; path = Assets.xcassets; sourceTree = "<group>"; };
		12D13B8624A8B0C500C83DF4 /* Base */ = {isa = PBXFileReference; lastKnownFileType = file.storyboard; name = Base; path = Base.lproj/LaunchScreen.storyboard; sourceTree = "<group>"; };
		12D13B8824A8B0C500C83DF4 /* Info.plist */ = {isa = PBXFileReference; lastKnownFileType = text.plist.xml; path = Info.plist; sourceTree = "<group>"; };
		12D13B8E24A8B5C200C83DF4 /* Movie.swift */ = {isa = PBXFileReference; lastKnownFileType = sourcecode.swift; path = Movie.swift; sourceTree = "<group>"; };
/* End PBXFileReference section */

/* Begin PBXFrameworksBuildPhase section */
		12D13B7424A8B0C000C83DF4 /* Frameworks */ = {
			isa = PBXFrameworksBuildPhase;
			buildActionMask = 2147483647;
			files = (
			);
			runOnlyForDeploymentPostprocessing = 0;
		};
/* End PBXFrameworksBuildPhase section */

/* Begin PBXGroup section */
		12D13B6E24A8B0BF00C83DF4 = {
			isa = PBXGroup;
			children = (
				12D13B7924A8B0C000C83DF4 /* CollectionViews */,
				12D13B7824A8B0C000C83DF4 /* Products */,
			);
			sourceTree = "<group>";
		};
		12D13B7824A8B0C000C83DF4 /* Products */ = {
			isa = PBXGroup;
			children = (
				12D13B7724A8B0C000C83DF4 /* CollectionViews.app */,
			);
			name = Products;
			sourceTree = "<group>";
		};
		12D13B7924A8B0C000C83DF4 /* CollectionViews */ = {
			isa = PBXGroup;
			children = (
				12D13B7A24A8B0C000C83DF4 /* AppDelegate.swift */,
				12D13B7C24A8B0C000C83DF4 /* SceneDelegate.swift */,
				12D13B7E24A8B0C000C83DF4 /* ViewController.swift */,
				12D13B8024A8B0C000C83DF4 /* Main.storyboard */,
				12D13B8324A8B0C500C83DF4 /* Assets.xcassets */,
				12D13B8524A8B0C500C83DF4 /* LaunchScreen.storyboard */,
				12D13B8824A8B0C500C83DF4 /* Info.plist */,
				12D13B8E24A8B5C200C83DF4 /* Movie.swift */,
				12CA374224A9555400BD6EAD /* MovieCollectionViewCell.swift */,
			);
			path = CollectionViews;
			sourceTree = "<group>";
		};
/* End PBXGroup section */

/* Begin PBXNativeTarget section */
		12D13B7624A8B0C000C83DF4 /* CollectionViews */ = {
			isa = PBXNativeTarget;
			buildConfigurationList = 12D13B8B24A8B0C500C83DF4 /* Build configuration list for PBXNativeTarget "CollectionViews" */;
			buildPhases = (
				12D13B7324A8B0C000C83DF4 /* Sources */,
				12D13B7424A8B0C000C83DF4 /* Frameworks */,
				12D13B7524A8B0C000C83DF4 /* Resources */,
			);
			buildRules = (
			);
			dependencies = (
			);
			name = CollectionViews;
			productName = CollectionViews;
			productReference = 12D13B7724A8B0C000C83DF4 /* CollectionViews.app */;
			productType = "com.apple.product-type.application";
		};
/* End PBXNativeTarget section */

/* Begin PBXProject section */
		12D13B6F24A8B0BF00C83DF4 /* Project object */ = {
			isa = PBXProject;
			attributes = {
				LastSwiftUpdateCheck = 1140;
				LastUpgradeCheck = 1140;
				ORGANIZATIONNAME = Macco;
				TargetAttributes = {
					12D13B7624A8B0C000C83DF4 = {
						CreatedOnToolsVersion = 11.4;
					};
				};
			};
			buildConfigurationList = 12D13B7224A8B0C000C83DF4 /* Build configuration list for PBXProject "CollectionViews" */;
			compatibilityVersion = "Xcode 9.3";
			developmentRegion = en;
			hasScannedForEncodings = 0;
			knownRegions = (
				en,
				Base,
			);
			mainGroup = 12D13B6E24A8B0BF00C83DF4;
			productRefGroup = 12D13B7824A8B0C000C83DF4 /* Products */;
			projectDirPath = "";
			projectRoot = "";
			targets = (
				12D13B7624A8B0C000C83DF4 /* CollectionViews */,
			);
		};
/* End PBXProject section */

/* Begin PBXResourcesBuildPhase section */
		12D13B7524A8B0C000C83DF4 /* Resources */ = {
			isa = PBXResourcesBuildPhase;
			buildActionMask = 2147483647;
			files = (
				12D13B8724A8B0C500C83DF4 /* LaunchScreen.storyboard in Resources */,
				12D13B8424A8B0C500C83DF4 /* Assets.xcassets in Resources */,
				12D13B8224A8B0C000C83DF4 /* Main.storyboard in Resources */,
			);
			runOnlyForDeploymentPostprocessing = 0;
		};
/* End PBXResourcesBuildPhase section */

/* Begin PBXSourcesBuildPhase section */
		12D13B7324A8B0C000C83DF4 /* Sources */ = {
			isa = PBXSourcesBuildPhase;
			buildActionMask = 2147483647;
			files = (
				12D13B7F24A8B0C000C83DF4 /* ViewController.swift in Sources */,
				12D13B7B24A8B0C000C83DF4 /* AppDelegate.swift in Sources */,
				12CA374324A9555400BD6EAD /* MovieCollectionViewCell.swift in Sources */,
				12D13B8F24A8B5C200C83DF4 /* Movie.swift in Sources */,
				12D13B7D24A8B0C000C83DF4 /* SceneDelegate.swift in Sources */,
			);
			runOnlyForDeploymentPostprocessing = 0;
		};
/* End PBXSourcesBuildPhase section */

/* Begin PBXVariantGroup section */
		12D13B8024A8B0C000C83DF4 /* Main.storyboard */ = {
			isa = PBXVariantGroup;
			children = (
				12D13B8124A8B0C000C83DF4 /* Base */,
			);
			name = Main.storyboard;
			sourceTree = "<group>";
		};
		12D13B8524A8B0C500C83DF4 /* LaunchScreen.storyboard */ = {
			isa = PBXVariantGroup;
			children = (
				12D13B8624A8B0C500C83DF4 /* Base */,
			);
			name = LaunchScreen.storyboard;
			sourceTree = "<group>";
		};
/* End PBXVariantGroup section */

/* Begin XCBuildConfiguration section */
		12D13B8924A8B0C500C83DF4 /* Debug */ = {
			isa = XCBuildConfiguration;
			buildSettings = {
				ALWAYS_SEARCH_USER_PATHS = NO;
				CLANG_ANALYZER_NONNULL = YES;
				CLANG_ANALYZER_NUMBER_OBJECT_CONVERSION = YES_AGGRESSIVE;
				CLANG_CXX_LANGUAGE_STANDARD = "gnu++14";
				CLANG_CXX_LIBRARY = "libc++";
				CLANG_ENABLE_MODULES = YES;
				CLANG_ENABLE_OBJC_ARC = YES;
				CLANG_ENABLE_OBJC_WEAK = YES;
				CLANG_WARN_BLOCK_CAPTURE_AUTORELEASING = YES;
				CLANG_WARN_BOOL_CONVERSION = YES;
				CLANG_WARN_COMMA = YES;
				CLANG_WARN_CONSTANT_CONVERSION = YES;
				CLANG_WARN_DEPRECATED_OBJC_IMPLEMENTATIONS = YES;
				CLANG_WARN_DIRECT_OBJC_ISA_USAGE = YES_ERROR;
				CLANG_WARN_DOCUMENTATION_COMMENTS = YES;
				CLANG_WARN_EMPTY_BODY = YES;
				CLANG_WARN_ENUM_CONVERSION = YES;
				CLANG_WARN_INFINITE_RECURSION = YES;
				CLANG_WARN_INT_CONVERSION = YES;
				CLANG_WARN_NON_LITERAL_NULL_CONVERSION = YES;
				CLANG_WARN_OBJC_IMPLICIT_RETAIN_SELF = YES;
				CLANG_WARN_OBJC_LITERAL_CONVERSION = YES;
				CLANG_WARN_OBJC_ROOT_CLASS = YES_ERROR;
				CLANG_WARN_RANGE_LOOP_ANALYSIS = YES;
				CLANG_WARN_STRICT_PROTOTYPES = YES;
				CLANG_WARN_SUSPICIOUS_MOVE = YES;
				CLANG_WARN_UNGUARDED_AVAILABILITY = YES_AGGRESSIVE;
				CLANG_WARN_UNREACHABLE_CODE = YES;
				CLANG_WARN__DUPLICATE_METHOD_MATCH = YES;
				COPY_PHASE_STRIP = NO;
				DEBUG_INFORMATION_FORMAT = dwarf;
				ENABLE_STRICT_OBJC_MSGSEND = YES;
				ENABLE_TESTABILITY = YES;
				GCC_C_LANGUAGE_STANDARD = gnu11;
				GCC_DYNAMIC_NO_PIC = NO;
				GCC_NO_COMMON_BLOCKS = YES;
				GCC_OPTIMIZATION_LEVEL = 0;
				GCC_PREPROCESSOR_DEFINITIONS = (
					"DEBUG=1",
					"$(inherited)",
				);
				GCC_WARN_64_TO_32_BIT_CONVERSION = YES;
				GCC_WARN_ABOUT_RETURN_TYPE = YES_ERROR;
				GCC_WARN_UNDECLARED_SELECTOR = YES;
				GCC_WARN_UNINITIALIZED_AUTOS = YES_AGGRESSIVE;
				GCC_WARN_UNUSED_FUNCTION = YES;
				GCC_WARN_UNUSED_VARIABLE = YES;
				IPHONEOS_DEPLOYMENT_TARGET = 13.4;
				MTL_ENABLE_DEBUG_INFO = INCLUDE_SOURCE;
				MTL_FAST_MATH = YES;
				ONLY_ACTIVE_ARCH = YES;
				SDKROOT = iphoneos;
				SWIFT_ACTIVE_COMPILATION_CONDITIONS = DEBUG;
				SWIFT_OPTIMIZATION_LEVEL = "-Onone";
			};
			name = Debug;
		};
		12D13B8A24A8B0C500C83DF4 /* Release */ = {
			isa = XCBuildConfiguration;
			buildSettings = {
				ALWAYS_SEARCH_USER_PATHS = NO;
				CLANG_ANALYZER_NONNULL = YES;
				CLANG_ANALYZER_NUMBER_OBJECT_CONVERSION = YES_AGGRESSIVE;
				CLANG_CXX_LANGUAGE_STANDARD = "gnu++14";
				CLANG_CXX_LIBRARY = "libc++";
				CLANG_ENABLE_MODULES = YES;
				CLANG_ENABLE_OBJC_ARC = YES;
				CLANG_ENABLE_OBJC_WEAK = YES;
				CLANG_WARN_BLOCK_CAPTURE_AUTORELEASING = YES;
				CLANG_WARN_BOOL_CONVERSION = YES;
				CLANG_WARN_COMMA = YES;
				CLANG_WARN_CONSTANT_CONVERSION = YES;
				CLANG_WARN_DEPRECATED_OBJC_IMPLEMENTATIONS = YES;
				CLANG_WARN_DIRECT_OBJC_ISA_USAGE = YES_ERROR;
				CLANG_WARN_DOCUMENTATION_COMMENTS = YES;
				CLANG_WARN_EMPTY_BODY = YES;
				CLANG_WARN_ENUM_CONVERSION = YES;
				CLANG_WARN_INFINITE_RECURSION = YES;
				CLANG_WARN_INT_CONVERSION = YES;
				CLANG_WARN_NON_LITERAL_NULL_CONVERSION = YES;
				CLANG_WARN_OBJC_IMPLICIT_RETAIN_SELF = YES;
				CLANG_WARN_OBJC_LITERAL_CONVERSION = YES;
				CLANG_WARN_OBJC_ROOT_CLASS = YES_ERROR;
				CLANG_WARN_RANGE_LOOP_ANALYSIS = YES;
				CLANG_WARN_STRICT_PROTOTYPES = YES;
				CLANG_WARN_SUSPICIOUS_MOVE = YES;
				CLANG_WARN_UNGUARDED_AVAILABILITY = YES_AGGRESSIVE;
				CLANG_WARN_UNREACHABLE_CODE = YES;
				CLANG_WARN__DUPLICATE_METHOD_MATCH = YES;
				COPY_PHASE_STRIP = NO;
				DEBUG_INFORMATION_FORMAT = "dwarf-with-dsym";
				ENABLE_NS_ASSERTIONS = NO;
				ENABLE_STRICT_OBJC_MSGSEND = YES;
				GCC_C_LANGUAGE_STANDARD = gnu11;
				GCC_NO_COMMON_BLOCKS = YES;
				GCC_WARN_64_TO_32_BIT_CONVERSION = YES;
				GCC_WARN_ABOUT_RETURN_TYPE = YES_ERROR;
				GCC_WARN_UNDECLARED_SELECTOR = YES;
				GCC_WARN_UNINITIALIZED_AUTOS = YES_AGGRESSIVE;
				GCC_WARN_UNUSED_FUNCTION = YES;
				GCC_WARN_UNUSED_VARIABLE = YES;
				IPHONEOS_DEPLOYMENT_TARGET = 13.4;
				MTL_ENABLE_DEBUG_INFO = NO;
				MTL_FAST_MATH = YES;
				SDKROOT = iphoneos;
				SWIFT_COMPILATION_MODE = wholemodule;
				SWIFT_OPTIMIZATION_LEVEL = "-O";
				VALIDATE_PRODUCT = YES;
			};
			name = Release;
		};
		12D13B8C24A8B0C500C83DF4 /* Debug */ = {
			isa = XCBuildConfiguration;
			buildSettings = {
				ASSETCATALOG_COMPILER_APPICON_NAME = AppIcon;
				CODE_SIGN_STYLE = Automatic;
				DEVELOPMENT_TEAM = RT459C64W3;
				INFOPLIST_FILE = CollectionViews/Info.plist;
				LD_RUNPATH_SEARCH_PATHS = (
					"$(inherited)",
					"@executable_path/Frameworks",
				);
				PRODUCT_BUNDLE_IDENTIFIER = com.macco.CollectionViews;
				PRODUCT_NAME = "$(TARGET_NAME)";
				SWIFT_VERSION = 5.0;
				TARGETED_DEVICE_FAMILY = "1,2";
			};
			name = Debug;
		};
		12D13B8D24A8B0C500C83DF4 /* Release */ = {
			isa = XCBuildConfiguration;
			buildSettings = {
				ASSETCATALOG_COMPILER_APPICON_NAME = AppIcon;
				CODE_SIGN_STYLE = Automatic;
				DEVELOPMENT_TEAM = RT459C64W3;
				INFOPLIST_FILE = CollectionViews/Info.plist;
				LD_RUNPATH_SEARCH_PATHS = (
					"$(inherited)",
					"@executable_path/Frameworks",
				);
				PRODUCT_BUNDLE_IDENTIFIER = com.macco.CollectionViews;
				PRODUCT_NAME = "$(TARGET_NAME)";
				SWIFT_VERSION = 5.0;
				TARGETED_DEVICE_FAMILY = "1,2";
			};
			name = Release;
		};
/* End XCBuildConfiguration section */

/* Begin XCConfigurationList section */
		12D13B7224A8B0C000C83DF4 /* Build configuration list for PBXProject "CollectionViews" */ = {
			isa = XCConfigurationList;
			buildConfigurations = (
				12D13B8924A8B0C500C83DF4 /* Debug */,
				12D13B8A24A8B0C500C83DF4 /* Release */,
			);
			defaultConfigurationIsVisible = 0;
			defaultConfigurationName = Release;
		};
		12D13B8B24A8B0C500C83DF4 /* Build configuration list for PBXNativeTarget "CollectionViews" */ = {
			isa = XCConfigurationList;
			buildConfigurations = (
				12D13B8C24A8B0C500C83DF4 /* Debug */,
				12D13B8D24A8B0C500C83DF4 /* Release */,
			);
			defaultConfigurationIsVisible = 0;
			defaultConfigurationName = Release;
		};
/* End XCConfigurationList section */
	};
	rootObject = 12D13B6F24A8B0BF00C83DF4 /* Project object */;
}
