// !$*UTF8*$!
{
	archiveVersion = 1;
	classes = {
	};
	objectVersion = 50;
	objects = {

/* Begin PBXBuildFile section */
		12084D00253BB27400A68601 /* AppDelegate.swift in Sources */ = {isa = PBXBuildFile; fileRef = 12084CFF253BB27400A68601 /* AppDelegate.swift */; };
		12084D02253BB27400A68601 /* SceneDelegate.swift in Sources */ = {isa = PBXBuildFile; fileRef = 12084D01253BB27400A68601 /* SceneDelegate.swift */; };
		12084D04253BB27400A68601 /* ViewController.swift in Sources */ = {isa = PBXBuildFile; fileRef = 12084D03253BB27400A68601 /* ViewController.swift */; };
		12084D07253BB27400A68601 /* Main.storyboard in Resources */ = {isa = PBXBuildFile; fileRef = 12084D05253BB27400A68601 /* Main.storyboard */; };
		12084D09253BB27600A68601 /* Assets.xcassets in Resources */ = {isa = PBXBuildFile; fileRef = 12084D08253BB27600A68601 /* Assets.xcassets */; };
		12084D0C253BB27600A68601 /* LaunchScreen.storyboard in Resources */ = {isa = PBXBuildFile; fileRef = 12084D0A253BB27600A68601 /* LaunchScreen.storyboard */; };
		32DE385D027F159973C61685 /* Pods_WeStand.framework in Frameworks */ = {isa = PBXBuildFile; fileRef = 478558DC52D77C9F636381D5 /* Pods_WeStand.framework */; };
/* End PBXBuildFile section */

/* Begin PBXFileReference section */
		12084CFC253BB27400A68601 /* WeStand.app */ = {isa = PBXFileReference; explicitFileType = wrapper.application; includeInIndex = 0; path = WeStand.app; sourceTree = BUILT_PRODUCTS_DIR; };
		12084CFF253BB27400A68601 /* AppDelegate.swift */ = {isa = PBXFileReference; lastKnownFileType = sourcecode.swift; path = AppDelegate.swift; sourceTree = "<group>"; };
		12084D01253BB27400A68601 /* SceneDelegate.swift */ = {isa = PBXFileReference; lastKnownFileType = sourcecode.swift; path = SceneDelegate.swift; sourceTree = "<group>"; };
		12084D03253BB27400A68601 /* ViewController.swift */ = {isa = PBXFileReference; lastKnownFileType = sourcecode.swift; path = ViewController.swift; sourceTree = "<group>"; };
		12084D06253BB27400A68601 /* Base */ = {isa = PBXFileReference; lastKnownFileType = file.storyboard; name = Base; path = Base.lproj/Main.storyboard; sourceTree = "<group>"; };
		12084D08253BB27600A68601 /* Assets.xcassets */ = {isa = PBXFileReference; lastKnownFileType = folder.assetcatalog; path = Assets.xcassets; sourceTree = "<group>"; };
		12084D0B253BB27600A68601 /* Base */ = {isa = PBXFileReference; lastKnownFileType = file.storyboard; name = Base; path = Base.lproj/LaunchScreen.storyboard; sourceTree = "<group>"; };
		12084D0D253BB27600A68601 /* Info.plist */ = {isa = PBXFileReference; lastKnownFileType = text.plist.xml; path = Info.plist; sourceTree = "<group>"; };
		2F236823AAE4B22205087F01 /* Pods-WeStand.release.xcconfig */ = {isa = PBXFileReference; includeInIndex = 1; lastKnownFileType = text.xcconfig; name = "Pods-WeStand.release.xcconfig"; path = "Target Support Files/Pods-WeStand/Pods-WeStand.release.xcconfig"; sourceTree = "<group>"; };
		478558DC52D77C9F636381D5 /* Pods_WeStand.framework */ = {isa = PBXFileReference; explicitFileType = wrapper.framework; includeInIndex = 0; path = Pods_WeStand.framework; sourceTree = BUILT_PRODUCTS_DIR; };
		CE6E7E63B096094336446A78 /* Pods-WeStand.debug.xcconfig */ = {isa = PBXFileReference; includeInIndex = 1; lastKnownFileType = text.xcconfig; name = "Pods-WeStand.debug.xcconfig"; path = "Target Support Files/Pods-WeStand/Pods-WeStand.debug.xcconfig"; sourceTree = "<group>"; };
/* End PBXFileReference section */

/* Begin PBXFrameworksBuildPhase section */
		12084CF9253BB27400A68601 /* Frameworks */ = {
			isa = PBXFrameworksBuildPhase;
			buildActionMask = 2147483647;
			files = (
				32DE385D027F159973C61685 /* Pods_WeStand.framework in Frameworks */,
			);
			runOnlyForDeploymentPostprocessing = 0;
		};
/* End PBXFrameworksBuildPhase section */

/* Begin PBXGroup section */
		12084CF3253BB27400A68601 = {
			isa = PBXGroup;
			children = (
				12084CFE253BB27400A68601 /* WeStand */,
				12084CFD253BB27400A68601 /* Products */,
				41DC1B3273DA06B66485E1B7 /* Pods */,
				3CEF365B32D4A06064C63978 /* Frameworks */,
			);
			sourceTree = "<group>";
		};
		12084CFD253BB27400A68601 /* Products */ = {
			isa = PBXGroup;
			children = (
				12084CFC253BB27400A68601 /* WeStand.app */,
			);
			name = Products;
			sourceTree = "<group>";
		};
		12084CFE253BB27400A68601 /* WeStand */ = {
			isa = PBXGroup;
			children = (
				12084CFF253BB27400A68601 /* AppDelegate.swift */,
				12084D01253BB27400A68601 /* SceneDelegate.swift */,
				12084D03253BB27400A68601 /* ViewController.swift */,
				12084D05253BB27400A68601 /* Main.storyboard */,
				12084D08253BB27600A68601 /* Assets.xcassets */,
				12084D0A253BB27600A68601 /* LaunchScreen.storyboard */,
				12084D0D253BB27600A68601 /* Info.plist */,
			);
			path = WeStand;
			sourceTree = "<group>";
		};
		3CEF365B32D4A06064C63978 /* Frameworks */ = {
			isa = PBXGroup;
			children = (
				478558DC52D77C9F636381D5 /* Pods_WeStand.framework */,
			);
			name = Frameworks;
			sourceTree = "<group>";
		};
		41DC1B3273DA06B66485E1B7 /* Pods */ = {
			isa = PBXGroup;
			children = (
				CE6E7E63B096094336446A78 /* Pods-WeStand.debug.xcconfig */,
				2F236823AAE4B22205087F01 /* Pods-WeStand.release.xcconfig */,
			);
			name = Pods;
			path = Pods;
			sourceTree = "<group>";
		};
/* End PBXGroup section */

/* Begin PBXNativeTarget section */
		12084CFB253BB27400A68601 /* WeStand */ = {
			isa = PBXNativeTarget;
			buildConfigurationList = 12084D10253BB27600A68601 /* Build configuration list for PBXNativeTarget "WeStand" */;
			buildPhases = (
				8CBA2F3BA9B9C116E6BB3D47 /* [CP] Check Pods Manifest.lock */,
				12084CF8253BB27400A68601 /* Sources */,
				12084CF9253BB27400A68601 /* Frameworks */,
				12084CFA253BB27400A68601 /* Resources */,
				938A9E48E7AA35B04FD5C7B5 /* [CP] Embed Pods Frameworks */,
			);
			buildRules = (
			);
			dependencies = (
			);
			name = WeStand;
			productName = WeStand;
			productReference = 12084CFC253BB27400A68601 /* WeStand.app */;
			productType = "com.apple.product-type.application";
		};
/* End PBXNativeTarget section */

/* Begin PBXProject section */
		12084CF4253BB27400A68601 /* Project object */ = {
			isa = PBXProject;
			attributes = {
				LastSwiftUpdateCheck = 1140;
				LastUpgradeCheck = 1140;
				ORGANIZATIONNAME = Macco;
				TargetAttributes = {
					12084CFB253BB27400A68601 = {
						CreatedOnToolsVersion = 11.4;
					};
				};
			};
			buildConfigurationList = 12084CF7253BB27400A68601 /* Build configuration list for PBXProject "WeStand" */;
			compatibilityVersion = "Xcode 9.3";
			developmentRegion = en;
			hasScannedForEncodings = 0;
			knownRegions = (
				en,
				Base,
			);
			mainGroup = 12084CF3253BB27400A68601;
			productRefGroup = 12084CFD253BB27400A68601 /* Products */;
			projectDirPath = "";
			projectRoot = "";
			targets = (
				12084CFB253BB27400A68601 /* WeStand */,
			);
		};
/* End PBXProject section */

/* Begin PBXResourcesBuildPhase section */
		12084CFA253BB27400A68601 /* Resources */ = {
			isa = PBXResourcesBuildPhase;
			buildActionMask = 2147483647;
			files = (
				12084D0C253BB27600A68601 /* LaunchScreen.storyboard in Resources */,
				12084D09253BB27600A68601 /* Assets.xcassets in Resources */,
				12084D07253BB27400A68601 /* Main.storyboard in Resources */,
			);
			runOnlyForDeploymentPostprocessing = 0;
		};
/* End PBXResourcesBuildPhase section */

/* Begin PBXShellScriptBuildPhase section */
		8CBA2F3BA9B9C116E6BB3D47 /* [CP] Check Pods Manifest.lock */ = {
			isa = PBXShellScriptBuildPhase;
			buildActionMask = 2147483647;
			files = (
			);
			inputFileListPaths = (
			);
			inputPaths = (
				"${PODS_PODFILE_DIR_PATH}/Podfile.lock",
				"${PODS_ROOT}/Manifest.lock",
			);
			name = "[CP] Check Pods Manifest.lock";
			outputFileListPaths = (
			);
			outputPaths = (
				"$(DERIVED_FILE_DIR)/Pods-WeStand-checkManifestLockResult.txt",
			);
			runOnlyForDeploymentPostprocessing = 0;
			shellPath = /bin/sh;
			shellScript = "diff \"${PODS_PODFILE_DIR_PATH}/Podfile.lock\" \"${PODS_ROOT}/Manifest.lock\" > /dev/null\nif [ $? != 0 ] ; then\n    # print error to STDERR\n    echo \"error: The sandbox is not in sync with the Podfile.lock. Run 'pod install' or update your CocoaPods installation.\" >&2\n    exit 1\nfi\n# This output is used by Xcode 'outputs' to avoid re-running this script phase.\necho \"SUCCESS\" > \"${SCRIPT_OUTPUT_FILE_0}\"\n";
			showEnvVarsInLog = 0;
		};
		938A9E48E7AA35B04FD5C7B5 /* [CP] Embed Pods Frameworks */ = {
			isa = PBXShellScriptBuildPhase;
			buildActionMask = 2147483647;
			files = (
			);
			inputFileListPaths = (
				"${PODS_ROOT}/Target Support Files/Pods-WeStand/Pods-WeStand-frameworks-${CONFIGURATION}-input-files.xcfilelist",
			);
			name = "[CP] Embed Pods Frameworks";
			outputFileListPaths = (
				"${PODS_ROOT}/Target Support Files/Pods-WeStand/Pods-WeStand-frameworks-${CONFIGURATION}-output-files.xcfilelist",
			);
			runOnlyForDeploymentPostprocessing = 0;
			shellPath = /bin/sh;
			shellScript = "\"${PODS_ROOT}/Target Support Files/Pods-WeStand/Pods-WeStand-frameworks.sh\"\n";
			showEnvVarsInLog = 0;
		};
/* End PBXShellScriptBuildPhase section */

/* Begin PBXSourcesBuildPhase section */
		12084CF8253BB27400A68601 /* Sources */ = {
			isa = PBXSourcesBuildPhase;
			buildActionMask = 2147483647;
			files = (
				12084D04253BB27400A68601 /* ViewController.swift in Sources */,
				12084D00253BB27400A68601 /* AppDelegate.swift in Sources */,
				12084D02253BB27400A68601 /* SceneDelegate.swift in Sources */,
			);
			runOnlyForDeploymentPostprocessing = 0;
		};
/* End PBXSourcesBuildPhase section */

/* Begin PBXVariantGroup section */
		12084D05253BB27400A68601 /* Main.storyboard */ = {
			isa = PBXVariantGroup;
			children = (
				12084D06253BB27400A68601 /* Base */,
			);
			name = Main.storyboard;
			sourceTree = "<group>";
		};
		12084D0A253BB27600A68601 /* LaunchScreen.storyboard */ = {
			isa = PBXVariantGroup;
			children = (
				12084D0B253BB27600A68601 /* Base */,
			);
			name = LaunchScreen.storyboard;
			sourceTree = "<group>";
		};
/* End PBXVariantGroup section */

/* Begin XCBuildConfiguration section */
		12084D0E253BB27600A68601 /* Debug */ = {
			isa = XCBuildConfiguration;
			buildSettings = {
				ALWAYS_SEARCH_USER_PATHS = NO;
				CLANG_ANALYZER_NONNULL = YES;
				CLANG_ANALYZER_NUMBER_OBJECT_CONVERSION = YES_AGGRESSIVE;
				CLANG_CXX_LANGUAGE_STANDARD = "gnu++14";
				CLANG_CXX_LIBRARY = "libc++";
				CLANG_ENABLE_MODULES = YES;
				CLANG_ENABLE_OBJC_ARC = YES;
				CLANG_ENABLE_OBJC_WEAK = YES;
				CLANG_WARN_BLOCK_CAPTURE_AUTORELEASING = YES;
				CLANG_WARN_BOOL_CONVERSION = YES;
				CLANG_WARN_COMMA = YES;
				CLANG_WARN_CONSTANT_CONVERSION = YES;
				CLANG_WARN_DEPRECATED_OBJC_IMPLEMENTATIONS = YES;
				CLANG_WARN_DIRECT_OBJC_ISA_USAGE = YES_ERROR;
				CLANG_WARN_DOCUMENTATION_COMMENTS = YES;
				CLANG_WARN_EMPTY_BODY = YES;
				CLANG_WARN_ENUM_CONVERSION = YES;
				CLANG_WARN_INFINITE_RECURSION = YES;
				CLANG_WARN_INT_CONVERSION = YES;
				CLANG_WARN_NON_LITERAL_NULL_CONVERSION = YES;
				CLANG_WARN_OBJC_IMPLICIT_RETAIN_SELF = YES;
				CLANG_WARN_OBJC_LITERAL_CONVERSION = YES;
				CLANG_WARN_OBJC_ROOT_CLASS = YES_ERROR;
				CLANG_WARN_RANGE_LOOP_ANALYSIS = YES;
				CLANG_WARN_STRICT_PROTOTYPES = YES;
				CLANG_WARN_SUSPICIOUS_MOVE = YES;
				CLANG_WARN_UNGUARDED_AVAILABILITY = YES_AGGRESSIVE;
				CLANG_WARN_UNREACHABLE_CODE = YES;
				CLANG_WARN__DUPLICATE_METHOD_MATCH = YES;
				COPY_PHASE_STRIP = NO;
				DEBUG_INFORMATION_FORMAT = dwarf;
				ENABLE_STRICT_OBJC_MSGSEND = YES;
				ENABLE_TESTABILITY = YES;
				GCC_C_LANGUAGE_STANDARD = gnu11;
				GCC_DYNAMIC_NO_PIC = NO;
				GCC_NO_COMMON_BLOCKS = YES;
				GCC_OPTIMIZATION_LEVEL = 0;
				GCC_PREPROCESSOR_DEFINITIONS = (
					"DEBUG=1",
					"$(inherited)",
				);
				GCC_WARN_64_TO_32_BIT_CONVERSION = YES;
				GCC_WARN_ABOUT_RETURN_TYPE = YES_ERROR;
				GCC_WARN_UNDECLARED_SELECTOR = YES;
				GCC_WARN_UNINITIALIZED_AUTOS = YES_AGGRESSIVE;
				GCC_WARN_UNUSED_FUNCTION = YES;
				GCC_WARN_UNUSED_VARIABLE = YES;
				IPHONEOS_DEPLOYMENT_TARGET = 13.4;
				MTL_ENABLE_DEBUG_INFO = INCLUDE_SOURCE;
				MTL_FAST_MATH = YES;
				ONLY_ACTIVE_ARCH = YES;
				SDKROOT = iphoneos;
				SWIFT_ACTIVE_COMPILATION_CONDITIONS = DEBUG;
				SWIFT_OPTIMIZATION_LEVEL = "-Onone";
			};
			name = Debug;
		};
		12084D0F253BB27600A68601 /* Release */ = {
			isa = XCBuildConfiguration;
			buildSettings = {
				ALWAYS_SEARCH_USER_PATHS = NO;
				CLANG_ANALYZER_NONNULL = YES;
				CLANG_ANALYZER_NUMBER_OBJECT_CONVERSION = YES_AGGRESSIVE;
				CLANG_CXX_LANGUAGE_STANDARD = "gnu++14";
				CLANG_CXX_LIBRARY = "libc++";
				CLANG_ENABLE_MODULES = YES;
				CLANG_ENABLE_OBJC_ARC = YES;
				CLANG_ENABLE_OBJC_WEAK = YES;
				CLANG_WARN_BLOCK_CAPTURE_AUTORELEASING = YES;
				CLANG_WARN_BOOL_CONVERSION = YES;
				CLANG_WARN_COMMA = YES;
				CLANG_WARN_CONSTANT_CONVERSION = YES;
				CLANG_WARN_DEPRECATED_OBJC_IMPLEMENTATIONS = YES;
				CLANG_WARN_DIRECT_OBJC_ISA_USAGE = YES_ERROR;
				CLANG_WARN_DOCUMENTATION_COMMENTS = YES;
				CLANG_WARN_EMPTY_BODY = YES;
				CLANG_WARN_ENUM_CONVERSION = YES;
				CLANG_WARN_INFINITE_RECURSION = YES;
				CLANG_WARN_INT_CONVERSION = YES;
				CLANG_WARN_NON_LITERAL_NULL_CONVERSION = YES;
				CLANG_WARN_OBJC_IMPLICIT_RETAIN_SELF = YES;
				CLANG_WARN_OBJC_LITERAL_CONVERSION = YES;
				CLANG_WARN_OBJC_ROOT_CLASS = YES_ERROR;
				CLANG_WARN_RANGE_LOOP_ANALYSIS = YES;
				CLANG_WARN_STRICT_PROTOTYPES = YES;
				CLANG_WARN_SUSPICIOUS_MOVE = YES;
				CLANG_WARN_UNGUARDED_AVAILABILITY = YES_AGGRESSIVE;
				CLANG_WARN_UNREACHABLE_CODE = YES;
				CLANG_WARN__DUPLICATE_METHOD_MATCH = YES;
				COPY_PHASE_STRIP = NO;
				DEBUG_INFORMATION_FORMAT = "dwarf-with-dsym";
				ENABLE_NS_ASSERTIONS = NO;
				ENABLE_STRICT_OBJC_MSGSEND = YES;
				GCC_C_LANGUAGE_STANDARD = gnu11;
				GCC_NO_COMMON_BLOCKS = YES;
				GCC_WARN_64_TO_32_BIT_CONVERSION = YES;
				GCC_WARN_ABOUT_RETURN_TYPE = YES_ERROR;
				GCC_WARN_UNDECLARED_SELECTOR = YES;
				GCC_WARN_UNINITIALIZED_AUTOS = YES_AGGRESSIVE;
				GCC_WARN_UNUSED_FUNCTION = YES;
				GCC_WARN_UNUSED_VARIABLE = YES;
				IPHONEOS_DEPLOYMENT_TARGET = 13.4;
				MTL_ENABLE_DEBUG_INFO = NO;
				MTL_FAST_MATH = YES;
				SDKROOT = iphoneos;
				SWIFT_COMPILATION_MODE = wholemodule;
				SWIFT_OPTIMIZATION_LEVEL = "-O";
				VALIDATE_PRODUCT = YES;
			};
			name = Release;
		};
		12084D11253BB27600A68601 /* Debug */ = {
			isa = XCBuildConfiguration;
			baseConfigurationReference = CE6E7E63B096094336446A78 /* Pods-WeStand.debug.xcconfig */;
			buildSettings = {
				ASSETCATALOG_COMPILER_APPICON_NAME = AppIcon;
				CODE_SIGN_STYLE = Automatic;
				DEVELOPMENT_TEAM = RT459C64W3;
				INFOPLIST_FILE = WeStand/Info.plist;
				LD_RUNPATH_SEARCH_PATHS = (
					"$(inherited)",
					"@executable_path/Frameworks",
				);
				PRODUCT_BUNDLE_IDENTIFIER = com.macco.WeStand;
				PRODUCT_NAME = "$(TARGET_NAME)";
				SWIFT_VERSION = 5.0;
				TARGETED_DEVICE_FAMILY = "1,2";
			};
			name = Debug;
		};
		12084D12253BB27600A68601 /* Release */ = {
			isa = XCBuildConfiguration;
			baseConfigurationReference = 2F236823AAE4B22205087F01 /* Pods-WeStand.release.xcconfig */;
			buildSettings = {
				ASSETCATALOG_COMPILER_APPICON_NAME = AppIcon;
				CODE_SIGN_STYLE = Automatic;
				DEVELOPMENT_TEAM = RT459C64W3;
				INFOPLIST_FILE = WeStand/Info.plist;
				LD_RUNPATH_SEARCH_PATHS = (
					"$(inherited)",
					"@executable_path/Frameworks",
				);
				PRODUCT_BUNDLE_IDENTIFIER = com.macco.WeStand;
				PRODUCT_NAME = "$(TARGET_NAME)";
				SWIFT_VERSION = 5.0;
				TARGETED_DEVICE_FAMILY = "1,2";
			};
			name = Release;
		};
/* End XCBuildConfiguration section */

/* Begin XCConfigurationList section */
		12084CF7253BB27400A68601 /* Build configuration list for PBXProject "WeStand" */ = {
			isa = XCConfigurationList;
			buildConfigurations = (
				12084D0E253BB27600A68601 /* Debug */,
				12084D0F253BB27600A68601 /* Release */,
			);
			defaultConfigurationIsVisible = 0;
			defaultConfigurationName = Release;
		};
		12084D10253BB27600A68601 /* Build configuration list for PBXNativeTarget "WeStand" */ = {
			isa = XCConfigurationList;
			buildConfigurations = (
				12084D11253BB27600A68601 /* Debug */,
				12084D12253BB27600A68601 /* Release */,
			);
			defaultConfigurationIsVisible = 0;
			defaultConfigurationName = Release;
		};
/* End XCConfigurationList section */
	};
	rootObject = 12084CF4253BB27400A68601 /* Project object */;
}
