// !$*UTF8*$!
{
	archiveVersion = 1;
	classes = {
	};
	objectVersion = 51;
	objects = {

/* Begin PBXBuildFile section */
		12306A0525E13E1C00C6FBC5 /* CategoryCollectionViewCell.swift in Sources */ = {isa = PBXBuildFile; fileRef = 12306A0325E13E1C00C6FBC5 /* CategoryCollectionViewCell.swift */; };
		12306A0625E13E1C00C6FBC5 /* CategoryCollectionViewCell.xib in Resources */ = {isa = PBXBuildFile; fileRef = 12306A0425E13E1C00C6FBC5 /* CategoryCollectionViewCell.xib */; };
		12306A0925E13EC300C6FBC5 /* DishCategory.swift in Sources */ = {isa = PBXBuildFile; fileRef = 12306A0825E13EC300C6FBC5 /* DishCategory.swift */; };
		12306A1025E13FAF00C6FBC5 /* String+Extension.swift in Sources */ = {isa = PBXBuildFile; fileRef = 12306A0F25E13FAF00C6FBC5 /* String+Extension.swift */; };
		12306A1425E142A000C6FBC5 /* CardView.swift in Sources */ = {isa = PBXBuildFile; fileRef = 12306A1325E142A000C6FBC5 /* CardView.swift */; };
		12306A1A25E1463500C6FBC5 /* DishPortraitCollectionViewCell.swift in Sources */ = {isa = PBXBuildFile; fileRef = 12306A1825E1463500C6FBC5 /* DishPortraitCollectionViewCell.swift */; };
		12306A1B25E1463500C6FBC5 /* DishPortraitCollectionViewCell.xib in Resources */ = {isa = PBXBuildFile; fileRef = 12306A1925E1463500C6FBC5 /* DishPortraitCollectionViewCell.xib */; };
		12306A1F25E147A400C6FBC5 /* Dish.swift in Sources */ = {isa = PBXBuildFile; fileRef = 12306A1E25E147A400C6FBC5 /* Dish.swift */; };
		12306A2525E1A68700C6FBC5 /* DIshLandscapeCollectionViewCell.swift in Sources */ = {isa = PBXBuildFile; fileRef = 12306A2325E1A68700C6FBC5 /* DIshLandscapeCollectionViewCell.swift */; };
		12306A2625E1A68700C6FBC5 /* DIshLandscapeCollectionViewCell.xib in Resources */ = {isa = PBXBuildFile; fileRef = 12306A2425E1A68700C6FBC5 /* DIshLandscapeCollectionViewCell.xib */; };
		12306A2A25E1AE6400C6FBC5 /* DishDetailViewController.swift in Sources */ = {isa = PBXBuildFile; fileRef = 12306A2925E1AE6400C6FBC5 /* DishDetailViewController.swift */; };
		12306A2D25E1AFED00C6FBC5 /* UIViewController+Extension.swift in Sources */ = {isa = PBXBuildFile; fileRef = 12306A2C25E1AFED00C6FBC5 /* UIViewController+Extension.swift */; };
		12306A6225E1CDD700C6FBC5 /* DishListTableViewCell.swift in Sources */ = {isa = PBXBuildFile; fileRef = 12306A6025E1CDD700C6FBC5 /* DishListTableViewCell.swift */; };
		12306A6325E1CDD700C6FBC5 /* DishListTableViewCell.xib in Resources */ = {isa = PBXBuildFile; fileRef = 12306A6125E1CDD700C6FBC5 /* DishListTableViewCell.xib */; };
		12306A6825E1D01600C6FBC5 /* ListDishesViewController.swift in Sources */ = {isa = PBXBuildFile; fileRef = 12306A6725E1D01600C6FBC5 /* ListDishesViewController.swift */; };
		12306A6D25E1D53E00C6FBC5 /* ListOrdersViewController.swift in Sources */ = {isa = PBXBuildFile; fileRef = 12306A6C25E1D53E00C6FBC5 /* ListOrdersViewController.swift */; };
		12306A7025E1D5F500C6FBC5 /* Order.swift in Sources */ = {isa = PBXBuildFile; fileRef = 12306A6F25E1D5F500C6FBC5 /* Order.swift */; };
		129051DA267236FB00A0B8F3 /* AllDishes.swift in Sources */ = {isa = PBXBuildFile; fileRef = 129051D9267236FB00A0B8F3 /* AllDishes.swift */; };
		12987170263CB89200A81962 /* NetworkService.swift in Sources */ = {isa = PBXBuildFile; fileRef = 1298716F263CB89200A81962 /* NetworkService.swift */; };
		12987175263CB92E00A81962 /* Route.swift in Sources */ = {isa = PBXBuildFile; fileRef = 12987174263CB92E00A81962 /* Route.swift */; };
		12987178263CB9FE00A81962 /* Method.swift in Sources */ = {isa = PBXBuildFile; fileRef = 12987177263CB9FE00A81962 /* Method.swift */; };
		1298717B263CC2D300A81962 /* AppError.swift in Sources */ = {isa = PBXBuildFile; fileRef = 1298717A263CC2D300A81962 /* AppError.swift */; };
		1298717E263CC84700A81962 /* ApiResponse.swift in Sources */ = {isa = PBXBuildFile; fileRef = 1298717D263CC84700A81962 /* ApiResponse.swift */; };
		129BF1CF25C50A19002B4321 /* OnboardingViewController.swift in Sources */ = {isa = PBXBuildFile; fileRef = 129BF1CE25C50A19002B4321 /* OnboardingViewController.swift */; };
		129BF1D425C50BBA002B4321 /* UIView+Extension.swift in Sources */ = {isa = PBXBuildFile; fileRef = 129BF1D325C50BBA002B4321 /* UIView+Extension.swift */; };
		129BF1D825C50C9C002B4321 /* OnboaringSlide.swift in Sources */ = {isa = PBXBuildFile; fileRef = 129BF1D725C50C9C002B4321 /* OnboaringSlide.swift */; };
		129BF1DB25C50E1A002B4321 /* OnboardingCollectionViewCell.swift in Sources */ = {isa = PBXBuildFile; fileRef = 129BF1DA25C50E1A002B4321 /* OnboardingCollectionViewCell.swift */; };
		129BF1DF25C519E5002B4321 /* HomeViewController.swift in Sources */ = {isa = PBXBuildFile; fileRef = 129BF1DE25C519E5002B4321 /* HomeViewController.swift */; };
		129D191226BDFB1C001FAA5B /* UserDefaults+Extension.swift in Sources */ = {isa = PBXBuildFile; fileRef = 129D191126BDFB1C001FAA5B /* UserDefaults+Extension.swift */; };
		12C67D2825C506BC00664C7C /* AppDelegate.swift in Sources */ = {isa = PBXBuildFile; fileRef = 12C67D2725C506BC00664C7C /* AppDelegate.swift */; };
		12C67D2A25C506BC00664C7C /* SceneDelegate.swift in Sources */ = {isa = PBXBuildFile; fileRef = 12C67D2925C506BC00664C7C /* SceneDelegate.swift */; };
		12C67D2F25C506BC00664C7C /* Main.storyboard in Resources */ = {isa = PBXBuildFile; fileRef = 12C67D2D25C506BC00664C7C /* Main.storyboard */; };
		12C67D3125C506BE00664C7C /* Assets.xcassets in Resources */ = {isa = PBXBuildFile; fileRef = 12C67D3025C506BE00664C7C /* Assets.xcassets */; };
		12C67D3425C506BE00664C7C /* LaunchScreen.storyboard in Resources */ = {isa = PBXBuildFile; fileRef = 12C67D3225C506BE00664C7C /* LaunchScreen.storyboard */; };
		4ADE6933DF2953FD19009F2C /* Pods_Yummie.framework in Frameworks */ = {isa = PBXBuildFile; fileRef = EFF09AF3531EE14A81659D8D /* Pods_Yummie.framework */; };
/* End PBXBuildFile section */

/* Begin PBXFileReference section */
		0118F11350A5518146153192 /* Pods-Yummie.release.xcconfig */ = {isa = PBXFileReference; includeInIndex = 1; lastKnownFileType = text.xcconfig; name = "Pods-Yummie.release.xcconfig"; path = "Target Support Files/Pods-Yummie/Pods-Yummie.release.xcconfig"; sourceTree = "<group>"; };
		12306A0325E13E1C00C6FBC5 /* CategoryCollectionViewCell.swift */ = {isa = PBXFileReference; lastKnownFileType = sourcecode.swift; path = CategoryCollectionViewCell.swift; sourceTree = "<group>"; };
		12306A0425E13E1C00C6FBC5 /* CategoryCollectionViewCell.xib */ = {isa = PBXFileReference; lastKnownFileType = file.xib; path = CategoryCollectionViewCell.xib; sourceTree = "<group>"; };
		12306A0825E13EC300C6FBC5 /* DishCategory.swift */ = {isa = PBXFileReference; lastKnownFileType = sourcecode.swift; path = DishCategory.swift; sourceTree = "<group>"; };
		12306A0F25E13FAF00C6FBC5 /* String+Extension.swift */ = {isa = PBXFileReference; lastKnownFileType = sourcecode.swift; path = "String+Extension.swift"; sourceTree = "<group>"; };
		12306A1325E142A000C6FBC5 /* CardView.swift */ = {isa = PBXFileReference; lastKnownFileType = sourcecode.swift; path = CardView.swift; sourceTree = "<group>"; };
		12306A1825E1463500C6FBC5 /* DishPortraitCollectionViewCell.swift */ = {isa = PBXFileReference; lastKnownFileType = sourcecode.swift; path = DishPortraitCollectionViewCell.swift; sourceTree = "<group>"; };
		12306A1925E1463500C6FBC5 /* DishPortraitCollectionViewCell.xib */ = {isa = PBXFileReference; lastKnownFileType = file.xib; path = DishPortraitCollectionViewCell.xib; sourceTree = "<group>"; };
		12306A1E25E147A400C6FBC5 /* Dish.swift */ = {isa = PBXFileReference; lastKnownFileType = sourcecode.swift; path = Dish.swift; sourceTree = "<group>"; };
		12306A2325E1A68700C6FBC5 /* DIshLandscapeCollectionViewCell.swift */ = {isa = PBXFileReference; lastKnownFileType = sourcecode.swift; path = DIshLandscapeCollectionViewCell.swift; sourceTree = "<group>"; };
		12306A2425E1A68700C6FBC5 /* DIshLandscapeCollectionViewCell.xib */ = {isa = PBXFileReference; lastKnownFileType = file.xib; path = DIshLandscapeCollectionViewCell.xib; sourceTree = "<group>"; };
		12306A2925E1AE6400C6FBC5 /* DishDetailViewController.swift */ = {isa = PBXFileReference; lastKnownFileType = sourcecode.swift; path = DishDetailViewController.swift; sourceTree = "<group>"; };
		12306A2C25E1AFED00C6FBC5 /* UIViewController+Extension.swift */ = {isa = PBXFileReference; lastKnownFileType = sourcecode.swift; path = "UIViewController+Extension.swift"; sourceTree = "<group>"; };
		12306A6025E1CDD700C6FBC5 /* DishListTableViewCell.swift */ = {isa = PBXFileReference; lastKnownFileType = sourcecode.swift; path = DishListTableViewCell.swift; sourceTree = "<group>"; };
		12306A6125E1CDD700C6FBC5 /* DishListTableViewCell.xib */ = {isa = PBXFileReference; lastKnownFileType = file.xib; path = DishListTableViewCell.xib; sourceTree = "<group>"; };
		12306A6725E1D01600C6FBC5 /* ListDishesViewController.swift */ = {isa = PBXFileReference; lastKnownFileType = sourcecode.swift; path = ListDishesViewController.swift; sourceTree = "<group>"; };
		12306A6C25E1D53E00C6FBC5 /* ListOrdersViewController.swift */ = {isa = PBXFileReference; lastKnownFileType = sourcecode.swift; path = ListOrdersViewController.swift; sourceTree = "<group>"; };
		12306A6F25E1D5F500C6FBC5 /* Order.swift */ = {isa = PBXFileReference; lastKnownFileType = sourcecode.swift; path = Order.swift; sourceTree = "<group>"; };
		129051D9267236FB00A0B8F3 /* AllDishes.swift */ = {isa = PBXFileReference; lastKnownFileType = sourcecode.swift; path = AllDishes.swift; sourceTree = "<group>"; };
		1298716F263CB89200A81962 /* NetworkService.swift */ = {isa = PBXFileReference; lastKnownFileType = sourcecode.swift; path = NetworkService.swift; sourceTree = "<group>"; };
		12987174263CB92E00A81962 /* Route.swift */ = {isa = PBXFileReference; lastKnownFileType = sourcecode.swift; path = Route.swift; sourceTree = "<group>"; };
		12987177263CB9FE00A81962 /* Method.swift */ = {isa = PBXFileReference; lastKnownFileType = sourcecode.swift; path = Method.swift; sourceTree = "<group>"; };
		1298717A263CC2D300A81962 /* AppError.swift */ = {isa = PBXFileReference; lastKnownFileType = sourcecode.swift; path = AppError.swift; sourceTree = "<group>"; };
		1298717D263CC84700A81962 /* ApiResponse.swift */ = {isa = PBXFileReference; lastKnownFileType = sourcecode.swift; path = ApiResponse.swift; sourceTree = "<group>"; };
		129BF1CE25C50A19002B4321 /* OnboardingViewController.swift */ = {isa = PBXFileReference; lastKnownFileType = sourcecode.swift; path = OnboardingViewController.swift; sourceTree = "<group>"; };
		129BF1D325C50BBA002B4321 /* UIView+Extension.swift */ = {isa = PBXFileReference; lastKnownFileType = sourcecode.swift; path = "UIView+Extension.swift"; sourceTree = "<group>"; };
		129BF1D725C50C9C002B4321 /* OnboaringSlide.swift */ = {isa = PBXFileReference; lastKnownFileType = sourcecode.swift; path = OnboaringSlide.swift; sourceTree = "<group>"; };
		129BF1DA25C50E1A002B4321 /* OnboardingCollectionViewCell.swift */ = {isa = PBXFileReference; lastKnownFileType = sourcecode.swift; path = OnboardingCollectionViewCell.swift; sourceTree = "<group>"; };
		129BF1DE25C519E5002B4321 /* HomeViewController.swift */ = {isa = PBXFileReference; lastKnownFileType = sourcecode.swift; path = HomeViewController.swift; sourceTree = "<group>"; };
		129D191126BDFB1C001FAA5B /* UserDefaults+Extension.swift */ = {isa = PBXFileReference; lastKnownFileType = sourcecode.swift; path = "UserDefaults+Extension.swift"; sourceTree = "<group>"; };
		12C67D2425C506BC00664C7C /* Yummie.app */ = {isa = PBXFileReference; explicitFileType = wrapper.application; includeInIndex = 0; path = Yummie.app; sourceTree = BUILT_PRODUCTS_DIR; };
		12C67D2725C506BC00664C7C /* AppDelegate.swift */ = {isa = PBXFileReference; lastKnownFileType = sourcecode.swift; path = AppDelegate.swift; sourceTree = "<group>"; };
		12C67D2925C506BC00664C7C /* SceneDelegate.swift */ = {isa = PBXFileReference; lastKnownFileType = sourcecode.swift; path = SceneDelegate.swift; sourceTree = "<group>"; };
		12C67D2E25C506BC00664C7C /* Base */ = {isa = PBXFileReference; lastKnownFileType = file.storyboard; name = Base; path = Base.lproj/Main.storyboard; sourceTree = "<group>"; };
		12C67D3025C506BE00664C7C /* Assets.xcassets */ = {isa = PBXFileReference; lastKnownFileType = folder.assetcatalog; path = Assets.xcassets; sourceTree = "<group>"; };
		12C67D3325C506BE00664C7C /* Base */ = {isa = PBXFileReference; lastKnownFileType = file.storyboard; name = Base; path = Base.lproj/LaunchScreen.storyboard; sourceTree = "<group>"; };
		12C67D3525C506BE00664C7C /* Info.plist */ = {isa = PBXFileReference; lastKnownFileType = text.plist.xml; path = Info.plist; sourceTree = "<group>"; };
		4BFF4B5F6CD495997BA274F4 /* Pods-Yummie.debug.xcconfig */ = {isa = PBXFileReference; includeInIndex = 1; lastKnownFileType = text.xcconfig; name = "Pods-Yummie.debug.xcconfig"; path = "Target Support Files/Pods-Yummie/Pods-Yummie.debug.xcconfig"; sourceTree = "<group>"; };
		EFF09AF3531EE14A81659D8D /* Pods_Yummie.framework */ = {isa = PBXFileReference; explicitFileType = wrapper.framework; includeInIndex = 0; path = Pods_Yummie.framework; sourceTree = BUILT_PRODUCTS_DIR; };
/* End PBXFileReference section */

/* Begin PBXFrameworksBuildPhase section */
		12C67D2125C506BC00664C7C /* Frameworks */ = {
			isa = PBXFrameworksBuildPhase;
			buildActionMask = 2147483647;
			files = (
				4ADE6933DF2953FD19009F2C /* Pods_Yummie.framework in Frameworks */,
			);
			runOnlyForDeploymentPostprocessing = 0;
		};
/* End PBXFrameworksBuildPhase section */

/* Begin PBXGroup section */
		12306A0125E13DF200C6FBC5 /* CollectionViewCells */ = {
			isa = PBXGroup;
			children = (
				12306A2225E1A67000C6FBC5 /* DishLandscapeCollectionViewCell */,
				12306A1725E1460B00C6FBC5 /* DishPortraitCollectionViewCell */,
				12306A0225E13DFB00C6FBC5 /* CategoryCollectionViewCell */,
			);
			path = CollectionViewCells;
			sourceTree = "<group>";
		};
		12306A0225E13DFB00C6FBC5 /* CategoryCollectionViewCell */ = {
			isa = PBXGroup;
			children = (
				12306A0325E13E1C00C6FBC5 /* CategoryCollectionViewCell.swift */,
				12306A0425E13E1C00C6FBC5 /* CategoryCollectionViewCell.xib */,
			);
			path = CategoryCollectionViewCell;
			sourceTree = "<group>";
		};
		12306A1225E1428F00C6FBC5 /* CardView */ = {
			isa = PBXGroup;
			children = (
				12306A1325E142A000C6FBC5 /* CardView.swift */,
			);
			path = CardView;
			sourceTree = "<group>";
		};
		12306A1725E1460B00C6FBC5 /* DishPortraitCollectionViewCell */ = {
			isa = PBXGroup;
			children = (
				12306A1825E1463500C6FBC5 /* DishPortraitCollectionViewCell.swift */,
				12306A1925E1463500C6FBC5 /* DishPortraitCollectionViewCell.xib */,
			);
			path = DishPortraitCollectionViewCell;
			sourceTree = "<group>";
		};
		12306A2225E1A67000C6FBC5 /* DishLandscapeCollectionViewCell */ = {
			isa = PBXGroup;
			children = (
				12306A2325E1A68700C6FBC5 /* DIshLandscapeCollectionViewCell.swift */,
				12306A2425E1A68700C6FBC5 /* DIshLandscapeCollectionViewCell.xib */,
			);
			path = DishLandscapeCollectionViewCell;
			sourceTree = "<group>";
		};
		12306A2825E1AE4800C6FBC5 /* DishDetail */ = {
			isa = PBXGroup;
			children = (
				12306A2925E1AE6400C6FBC5 /* DishDetailViewController.swift */,
			);
			path = DishDetail;
			sourceTree = "<group>";
		};
		12306A5E25E1CDB400C6FBC5 /* TableViewCells */ = {
			isa = PBXGroup;
			children = (
				12306A5F25E1CDBC00C6FBC5 /* DishListTableViewCell */,
			);
			path = TableViewCells;
			sourceTree = "<group>";
		};
		12306A5F25E1CDBC00C6FBC5 /* DishListTableViewCell */ = {
			isa = PBXGroup;
			children = (
				12306A6025E1CDD700C6FBC5 /* DishListTableViewCell.swift */,
				12306A6125E1CDD700C6FBC5 /* DishListTableViewCell.xib */,
			);
			path = DishListTableViewCell;
			sourceTree = "<group>";
		};
		12306A6625E1D00700C6FBC5 /* ListDishes */ = {
			isa = PBXGroup;
			children = (
				12306A6725E1D01600C6FBC5 /* ListDishesViewController.swift */,
			);
			path = ListDishes;
			sourceTree = "<group>";
		};
		12306A6B25E1D53000C6FBC5 /* ListOrders */ = {
			isa = PBXGroup;
			children = (
				12306A6C25E1D53E00C6FBC5 /* ListOrdersViewController.swift */,
			);
			path = ListOrders;
			sourceTree = "<group>";
		};
		1298716E263CB87E00A81962 /* Networking */ = {
			isa = PBXGroup;
			children = (
				1298716F263CB89200A81962 /* NetworkService.swift */,
				12987174263CB92E00A81962 /* Route.swift */,
				12987177263CB9FE00A81962 /* Method.swift */,
				1298717A263CC2D300A81962 /* AppError.swift */,
				1298717D263CC84700A81962 /* ApiResponse.swift */,
			);
			path = Networking;
			sourceTree = "<group>";
		};
		129BF1CA25C509C0002B4321 /* Models */ = {
			isa = PBXGroup;
			children = (
				129BF1D725C50C9C002B4321 /* OnboaringSlide.swift */,
				12306A0825E13EC300C6FBC5 /* DishCategory.swift */,
				12306A1E25E147A400C6FBC5 /* Dish.swift */,
				12306A6F25E1D5F500C6FBC5 /* Order.swift */,
				129051D9267236FB00A0B8F3 /* AllDishes.swift */,
			);
			path = Models;
			sourceTree = "<group>";
		};
		129BF1CB25C509CD002B4321 /* Views */ = {
			isa = PBXGroup;
			children = (
				12306A6B25E1D53000C6FBC5 /* ListOrders */,
				12306A6625E1D00700C6FBC5 /* ListDishes */,
				12306A2825E1AE4800C6FBC5 /* DishDetail */,
				129BF1DD25C519D8002B4321 /* Home */,
				129BF1CD25C509F0002B4321 /* Onboarding */,
			);
			path = Views;
			sourceTree = "<group>";
		};
		129BF1CC25C509DE002B4321 /* CustomViews */ = {
			isa = PBXGroup;
			children = (
				12306A5E25E1CDB400C6FBC5 /* TableViewCells */,
				12306A1225E1428F00C6FBC5 /* CardView */,
				12306A0125E13DF200C6FBC5 /* CollectionViewCells */,
			);
			path = CustomViews;
			sourceTree = "<group>";
		};
		129BF1CD25C509F0002B4321 /* Onboarding */ = {
			isa = PBXGroup;
			children = (
				129BF1CE25C50A19002B4321 /* OnboardingViewController.swift */,
				129BF1DA25C50E1A002B4321 /* OnboardingCollectionViewCell.swift */,
			);
			path = Onboarding;
			sourceTree = "<group>";
		};
		129BF1D225C50BAB002B4321 /* Extensions */ = {
			isa = PBXGroup;
			children = (
				129BF1D325C50BBA002B4321 /* UIView+Extension.swift */,
				12306A0F25E13FAF00C6FBC5 /* String+Extension.swift */,
				12306A2C25E1AFED00C6FBC5 /* UIViewController+Extension.swift */,
				129D191126BDFB1C001FAA5B /* UserDefaults+Extension.swift */,
			);
			path = Extensions;
			sourceTree = "<group>";
		};
		129BF1DD25C519D8002B4321 /* Home */ = {
			isa = PBXGroup;
			children = (
				129BF1DE25C519E5002B4321 /* HomeViewController.swift */,
			);
			path = Home;
			sourceTree = "<group>";
		};
		12C67D1B25C506BC00664C7C = {
			isa = PBXGroup;
			children = (
				12C67D2625C506BC00664C7C /* Yummie */,
				12C67D2525C506BC00664C7C /* Products */,
				7F614043769F34D3D7EFBA4D /* Pods */,
				32EA3F37FE92D61CEA039406 /* Frameworks */,
			);
			sourceTree = "<group>";
		};
		12C67D2525C506BC00664C7C /* Products */ = {
			isa = PBXGroup;
			children = (
				12C67D2425C506BC00664C7C /* Yummie.app */,
			);
			name = Products;
			sourceTree = "<group>";
		};
		12C67D2625C506BC00664C7C /* Yummie */ = {
			isa = PBXGroup;
			children = (
				1298716E263CB87E00A81962 /* Networking */,
				129BF1D225C50BAB002B4321 /* Extensions */,
				129BF1CC25C509DE002B4321 /* CustomViews */,
				129BF1CB25C509CD002B4321 /* Views */,
				129BF1CA25C509C0002B4321 /* Models */,
				12C67D2725C506BC00664C7C /* AppDelegate.swift */,
				12C67D2925C506BC00664C7C /* SceneDelegate.swift */,
				12C67D2D25C506BC00664C7C /* Main.storyboard */,
				12C67D3025C506BE00664C7C /* Assets.xcassets */,
				12C67D3225C506BE00664C7C /* LaunchScreen.storyboard */,
				12C67D3525C506BE00664C7C /* Info.plist */,
			);
			path = Yummie;
			sourceTree = "<group>";
		};
		32EA3F37FE92D61CEA039406 /* Frameworks */ = {
			isa = PBXGroup;
			children = (
				EFF09AF3531EE14A81659D8D /* Pods_Yummie.framework */,
			);
			name = Frameworks;
			sourceTree = "<group>";
		};
		7F614043769F34D3D7EFBA4D /* Pods */ = {
			isa = PBXGroup;
			children = (
				4BFF4B5F6CD495997BA274F4 /* Pods-Yummie.debug.xcconfig */,
				0118F11350A5518146153192 /* Pods-Yummie.release.xcconfig */,
			);
			path = Pods;
			sourceTree = "<group>";
		};
/* End PBXGroup section */

/* Begin PBXNativeTarget section */
		12C67D2325C506BC00664C7C /* Yummie */ = {
			isa = PBXNativeTarget;
			buildConfigurationList = 12C67D3825C506BE00664C7C /* Build configuration list for PBXNativeTarget "Yummie" */;
			buildPhases = (
				5BCD8D3191DADCEAAB1159E8 /* [CP] Check Pods Manifest.lock */,
				12C67D2025C506BC00664C7C /* Sources */,
				12C67D2125C506BC00664C7C /* Frameworks */,
				12C67D2225C506BC00664C7C /* Resources */,
				A65D1DD0BA0A94FB6C4C18E2 /* [CP] Embed Pods Frameworks */,
			);
			buildRules = (
			);
			dependencies = (
			);
			name = Yummie;
			productName = Yummie;
			productReference = 12C67D2425C506BC00664C7C /* Yummie.app */;
			productType = "com.apple.product-type.application";
		};
/* End PBXNativeTarget section */

/* Begin PBXProject section */
		12C67D1C25C506BC00664C7C /* Project object */ = {
			isa = PBXProject;
			attributes = {
				LastSwiftUpdateCheck = 1230;
				LastUpgradeCheck = 1230;
				TargetAttributes = {
					12C67D2325C506BC00664C7C = {
						CreatedOnToolsVersion = 12.3;
					};
				};
			};
			buildConfigurationList = 12C67D1F25C506BC00664C7C /* Build configuration list for PBXProject "Yummie" */;
			compatibilityVersion = "Xcode 9.3";
			developmentRegion = en;
			hasScannedForEncodings = 0;
			knownRegions = (
				en,
				Base,
			);
			mainGroup = 12C67D1B25C506BC00664C7C;
			productRefGroup = 12C67D2525C506BC00664C7C /* Products */;
			projectDirPath = "";
			projectRoot = "";
			targets = (
				12C67D2325C506BC00664C7C /* Yummie */,
			);
		};
/* End PBXProject section */

/* Begin PBXResourcesBuildPhase section */
		12C67D2225C506BC00664C7C /* Resources */ = {
			isa = PBXResourcesBuildPhase;
			buildActionMask = 2147483647;
			files = (
				12306A2625E1A68700C6FBC5 /* DIshLandscapeCollectionViewCell.xib in Resources */,
				12306A6325E1CDD700C6FBC5 /* DishListTableViewCell.xib in Resources */,
				12306A0625E13E1C00C6FBC5 /* CategoryCollectionViewCell.xib in Resources */,
				12C67D3425C506BE00664C7C /* LaunchScreen.storyboard in Resources */,
				12306A1B25E1463500C6FBC5 /* DishPortraitCollectionViewCell.xib in Resources */,
				12C67D3125C506BE00664C7C /* Assets.xcassets in Resources */,
				12C67D2F25C506BC00664C7C /* Main.storyboard in Resources */,
			);
			runOnlyForDeploymentPostprocessing = 0;
		};
/* End PBXResourcesBuildPhase section */

/* Begin PBXShellScriptBuildPhase section */
		5BCD8D3191DADCEAAB1159E8 /* [CP] Check Pods Manifest.lock */ = {
			isa = PBXShellScriptBuildPhase;
			buildActionMask = 2147483647;
			files = (
			);
			inputFileListPaths = (
			);
			inputPaths = (
				"${PODS_PODFILE_DIR_PATH}/Podfile.lock",
				"${PODS_ROOT}/Manifest.lock",
			);
			name = "[CP] Check Pods Manifest.lock";
			outputFileListPaths = (
			);
			outputPaths = (
				"$(DERIVED_FILE_DIR)/Pods-Yummie-checkManifestLockResult.txt",
			);
			runOnlyForDeploymentPostprocessing = 0;
			shellPath = /bin/sh;
			shellScript = "diff \"${PODS_PODFILE_DIR_PATH}/Podfile.lock\" \"${PODS_ROOT}/Manifest.lock\" > /dev/null\nif [ $? != 0 ] ; then\n    # print error to STDERR\n    echo \"error: The sandbox is not in sync with the Podfile.lock. Run 'pod install' or update your CocoaPods installation.\" >&2\n    exit 1\nfi\n# This output is used by Xcode 'outputs' to avoid re-running this script phase.\necho \"SUCCESS\" > \"${SCRIPT_OUTPUT_FILE_0}\"\n";
			showEnvVarsInLog = 0;
		};
		A65D1DD0BA0A94FB6C4C18E2 /* [CP] Embed Pods Frameworks */ = {
			isa = PBXShellScriptBuildPhase;
			buildActionMask = 2147483647;
			files = (
			);
			inputFileListPaths = (
				"${PODS_ROOT}/Target Support Files/Pods-Yummie/Pods-Yummie-frameworks-${CONFIGURATION}-input-files.xcfilelist",
			);
			name = "[CP] Embed Pods Frameworks";
			outputFileListPaths = (
				"${PODS_ROOT}/Target Support Files/Pods-Yummie/Pods-Yummie-frameworks-${CONFIGURATION}-output-files.xcfilelist",
			);
			runOnlyForDeploymentPostprocessing = 0;
			shellPath = /bin/sh;
			shellScript = "\"${PODS_ROOT}/Target Support Files/Pods-Yummie/Pods-Yummie-frameworks.sh\"\n";
			showEnvVarsInLog = 0;
		};
/* End PBXShellScriptBuildPhase section */

/* Begin PBXSourcesBuildPhase section */
		12C67D2025C506BC00664C7C /* Sources */ = {
			isa = PBXSourcesBuildPhase;
			buildActionMask = 2147483647;
			files = (
				12306A6225E1CDD700C6FBC5 /* DishListTableViewCell.swift in Sources */,
				12306A6D25E1D53E00C6FBC5 /* ListOrdersViewController.swift in Sources */,
				12306A7025E1D5F500C6FBC5 /* Order.swift in Sources */,
				12306A2D25E1AFED00C6FBC5 /* UIViewController+Extension.swift in Sources */,
				12306A0525E13E1C00C6FBC5 /* CategoryCollectionViewCell.swift in Sources */,
				12C67D2825C506BC00664C7C /* AppDelegate.swift in Sources */,
				12C67D2A25C506BC00664C7C /* SceneDelegate.swift in Sources */,
				129051DA267236FB00A0B8F3 /* AllDishes.swift in Sources */,
				129BF1D425C50BBA002B4321 /* UIView+Extension.swift in Sources */,
				12987178263CB9FE00A81962 /* Method.swift in Sources */,
				129BF1CF25C50A19002B4321 /* OnboardingViewController.swift in Sources */,
				129BF1D825C50C9C002B4321 /* OnboaringSlide.swift in Sources */,
				12306A2A25E1AE6400C6FBC5 /* DishDetailViewController.swift in Sources */,
				12306A2525E1A68700C6FBC5 /* DIshLandscapeCollectionViewCell.swift in Sources */,
				1298717E263CC84700A81962 /* ApiResponse.swift in Sources */,
				129BF1DF25C519E5002B4321 /* HomeViewController.swift in Sources */,
				12987175263CB92E00A81962 /* Route.swift in Sources */,
				12987170263CB89200A81962 /* NetworkService.swift in Sources */,
				12306A0925E13EC300C6FBC5 /* DishCategory.swift in Sources */,
				12306A1025E13FAF00C6FBC5 /* String+Extension.swift in Sources */,
				12306A1425E142A000C6FBC5 /* CardView.swift in Sources */,
				12306A6825E1D01600C6FBC5 /* ListDishesViewController.swift in Sources */,
				1298717B263CC2D300A81962 /* AppError.swift in Sources */,
				129BF1DB25C50E1A002B4321 /* OnboardingCollectionViewCell.swift in Sources */,
				12306A1F25E147A400C6FBC5 /* Dish.swift in Sources */,
				129D191226BDFB1C001FAA5B /* UserDefaults+Extension.swift in Sources */,
				12306A1A25E1463500C6FBC5 /* DishPortraitCollectionViewCell.swift in Sources */,
			);
			runOnlyForDeploymentPostprocessing = 0;
		};
/* End PBXSourcesBuildPhase section */

/* Begin PBXVariantGroup section */
		12C67D2D25C506BC00664C7C /* Main.storyboard */ = {
			isa = PBXVariantGroup;
			children = (
				12C67D2E25C506BC00664C7C /* Base */,
			);
			name = Main.storyboard;
			sourceTree = "<group>";
		};
		12C67D3225C506BE00664C7C /* LaunchScreen.storyboard */ = {
			isa = PBXVariantGroup;
			children = (
				12C67D3325C506BE00664C7C /* Base */,
			);
			name = LaunchScreen.storyboard;
			sourceTree = "<group>";
		};
/* End PBXVariantGroup section */

/* Begin XCBuildConfiguration section */
		12C67D3625C506BE00664C7C /* Debug */ = {
			isa = XCBuildConfiguration;
			buildSettings = {
				ALWAYS_SEARCH_USER_PATHS = NO;
				CLANG_ANALYZER_NONNULL = YES;
				CLANG_ANALYZER_NUMBER_OBJECT_CONVERSION = YES_AGGRESSIVE;
				CLANG_CXX_LANGUAGE_STANDARD = "gnu++14";
				CLANG_CXX_LIBRARY = "libc++";
				CLANG_ENABLE_MODULES = YES;
				CLANG_ENABLE_OBJC_ARC = YES;
				CLANG_ENABLE_OBJC_WEAK = YES;
				CLANG_WARN_BLOCK_CAPTURE_AUTORELEASING = YES;
				CLANG_WARN_BOOL_CONVERSION = YES;
				CLANG_WARN_COMMA = YES;
				CLANG_WARN_CONSTANT_CONVERSION = YES;
				CLANG_WARN_DEPRECATED_OBJC_IMPLEMENTATIONS = YES;
				CLANG_WARN_DIRECT_OBJC_ISA_USAGE = YES_ERROR;
				CLANG_WARN_DOCUMENTATION_COMMENTS = YES;
				CLANG_WARN_EMPTY_BODY = YES;
				CLANG_WARN_ENUM_CONVERSION = YES;
				CLANG_WARN_INFINITE_RECURSION = YES;
				CLANG_WARN_INT_CONVERSION = YES;
				CLANG_WARN_NON_LITERAL_NULL_CONVERSION = YES;
				CLANG_WARN_OBJC_IMPLICIT_RETAIN_SELF = YES;
				CLANG_WARN_OBJC_LITERAL_CONVERSION = YES;
				CLANG_WARN_OBJC_ROOT_CLASS = YES_ERROR;
				CLANG_WARN_QUOTED_INCLUDE_IN_FRAMEWORK_HEADER = YES;
				CLANG_WARN_RANGE_LOOP_ANALYSIS = YES;
				CLANG_WARN_STRICT_PROTOTYPES = YES;
				CLANG_WARN_SUSPICIOUS_MOVE = YES;
				CLANG_WARN_UNGUARDED_AVAILABILITY = YES_AGGRESSIVE;
				CLANG_WARN_UNREACHABLE_CODE = YES;
				CLANG_WARN__DUPLICATE_METHOD_MATCH = YES;
				COPY_PHASE_STRIP = NO;
				DEBUG_INFORMATION_FORMAT = dwarf;
				ENABLE_STRICT_OBJC_MSGSEND = YES;
				ENABLE_TESTABILITY = YES;
				GCC_C_LANGUAGE_STANDARD = gnu11;
				GCC_DYNAMIC_NO_PIC = NO;
				GCC_NO_COMMON_BLOCKS = YES;
				GCC_OPTIMIZATION_LEVEL = 0;
				GCC_PREPROCESSOR_DEFINITIONS = (
					"DEBUG=1",
					"$(inherited)",
				);
				GCC_WARN_64_TO_32_BIT_CONVERSION = YES;
				GCC_WARN_ABOUT_RETURN_TYPE = YES_ERROR;
				GCC_WARN_UNDECLARED_SELECTOR = YES;
				GCC_WARN_UNINITIALIZED_AUTOS = YES_AGGRESSIVE;
				GCC_WARN_UNUSED_FUNCTION = YES;
				GCC_WARN_UNUSED_VARIABLE = YES;
				IPHONEOS_DEPLOYMENT_TARGET = 14.3;
				MTL_ENABLE_DEBUG_INFO = INCLUDE_SOURCE;
				MTL_FAST_MATH = YES;
				ONLY_ACTIVE_ARCH = YES;
				SDKROOT = iphoneos;
				SWIFT_ACTIVE_COMPILATION_CONDITIONS = DEBUG;
				SWIFT_OPTIMIZATION_LEVEL = "-Onone";
			};
			name = Debug;
		};
		12C67D3725C506BE00664C7C /* Release */ = {
			isa = XCBuildConfiguration;
			buildSettings = {
				ALWAYS_SEARCH_USER_PATHS = NO;
				CLANG_ANALYZER_NONNULL = YES;
				CLANG_ANALYZER_NUMBER_OBJECT_CONVERSION = YES_AGGRESSIVE;
				CLANG_CXX_LANGUAGE_STANDARD = "gnu++14";
				CLANG_CXX_LIBRARY = "libc++";
				CLANG_ENABLE_MODULES = YES;
				CLANG_ENABLE_OBJC_ARC = YES;
				CLANG_ENABLE_OBJC_WEAK = YES;
				CLANG_WARN_BLOCK_CAPTURE_AUTORELEASING = YES;
				CLANG_WARN_BOOL_CONVERSION = YES;
				CLANG_WARN_COMMA = YES;
				CLANG_WARN_CONSTANT_CONVERSION = YES;
				CLANG_WARN_DEPRECATED_OBJC_IMPLEMENTATIONS = YES;
				CLANG_WARN_DIRECT_OBJC_ISA_USAGE = YES_ERROR;
				CLANG_WARN_DOCUMENTATION_COMMENTS = YES;
				CLANG_WARN_EMPTY_BODY = YES;
				CLANG_WARN_ENUM_CONVERSION = YES;
				CLANG_WARN_INFINITE_RECURSION = YES;
				CLANG_WARN_INT_CONVERSION = YES;
				CLANG_WARN_NON_LITERAL_NULL_CONVERSION = YES;
				CLANG_WARN_OBJC_IMPLICIT_RETAIN_SELF = YES;
				CLANG_WARN_OBJC_LITERAL_CONVERSION = YES;
				CLANG_WARN_OBJC_ROOT_CLASS = YES_ERROR;
				CLANG_WARN_QUOTED_INCLUDE_IN_FRAMEWORK_HEADER = YES;
				CLANG_WARN_RANGE_LOOP_ANALYSIS = YES;
				CLANG_WARN_STRICT_PROTOTYPES = YES;
				CLANG_WARN_SUSPICIOUS_MOVE = YES;
				CLANG_WARN_UNGUARDED_AVAILABILITY = YES_AGGRESSIVE;
				CLANG_WARN_UNREACHABLE_CODE = YES;
				CLANG_WARN__DUPLICATE_METHOD_MATCH = YES;
				COPY_PHASE_STRIP = NO;
				DEBUG_INFORMATION_FORMAT = "dwarf-with-dsym";
				ENABLE_NS_ASSERTIONS = NO;
				ENABLE_STRICT_OBJC_MSGSEND = YES;
				GCC_C_LANGUAGE_STANDARD = gnu11;
				GCC_NO_COMMON_BLOCKS = YES;
				GCC_WARN_64_TO_32_BIT_CONVERSION = YES;
				GCC_WARN_ABOUT_RETURN_TYPE = YES_ERROR;
				GCC_WARN_UNDECLARED_SELECTOR = YES;
				GCC_WARN_UNINITIALIZED_AUTOS = YES_AGGRESSIVE;
				GCC_WARN_UNUSED_FUNCTION = YES;
				GCC_WARN_UNUSED_VARIABLE = YES;
				IPHONEOS_DEPLOYMENT_TARGET = 14.3;
				MTL_ENABLE_DEBUG_INFO = NO;
				MTL_FAST_MATH = YES;
				SDKROOT = iphoneos;
				SWIFT_COMPILATION_MODE = wholemodule;
				SWIFT_OPTIMIZATION_LEVEL = "-O";
				VALIDATE_PRODUCT = YES;
			};
			name = Release;
		};
		12C67D3925C506BE00664C7C /* Debug */ = {
			isa = XCBuildConfiguration;
			baseConfigurationReference = 4BFF4B5F6CD495997BA274F4 /* Pods-Yummie.debug.xcconfig */;
			buildSettings = {
				ASSETCATALOG_COMPILER_APPICON_NAME = AppIcon;
				ASSETCATALOG_COMPILER_GLOBAL_ACCENT_COLOR_NAME = AccentColor;
				CODE_SIGN_STYLE = Automatic;
				DEVELOPMENT_TEAM = RT459C64W3;
				INFOPLIST_FILE = Yummie/Info.plist;
				LD_RUNPATH_SEARCH_PATHS = (
					"$(inherited)",
					"@executable_path/Frameworks",
				);
				PRODUCT_BUNDLE_IDENTIFIER = com.macco.Yummie;
				PRODUCT_NAME = "$(TARGET_NAME)";
				SWIFT_VERSION = 5.0;
				TARGETED_DEVICE_FAMILY = "1,2";
			};
			name = Debug;
		};
		12C67D3A25C506BE00664C7C /* Release */ = {
			isa = XCBuildConfiguration;
			baseConfigurationReference = 0118F11350A5518146153192 /* Pods-Yummie.release.xcconfig */;
			buildSettings = {
				ASSETCATALOG_COMPILER_APPICON_NAME = AppIcon;
				ASSETCATALOG_COMPILER_GLOBAL_ACCENT_COLOR_NAME = AccentColor;
				CODE_SIGN_STYLE = Automatic;
				DEVELOPMENT_TEAM = RT459C64W3;
				INFOPLIST_FILE = Yummie/Info.plist;
				LD_RUNPATH_SEARCH_PATHS = (
					"$(inherited)",
					"@executable_path/Frameworks",
				);
				PRODUCT_BUNDLE_IDENTIFIER = com.macco.Yummie;
				PRODUCT_NAME = "$(TARGET_NAME)";
				SWIFT_VERSION = 5.0;
				TARGETED_DEVICE_FAMILY = "1,2";
			};
			name = Release;
		};
/* End XCBuildConfiguration section */

/* Begin XCConfigurationList section */
		12C67D1F25C506BC00664C7C /* Build configuration list for PBXProject "Yummie" */ = {
			isa = XCConfigurationList;
			buildConfigurations = (
				12C67D3625C506BE00664C7C /* Debug */,
				12C67D3725C506BE00664C7C /* Release */,
			);
			defaultConfigurationIsVisible = 0;
			defaultConfigurationName = Release;
		};
		12C67D3825C506BE00664C7C /* Build configuration list for PBXNativeTarget "Yummie" */ = {
			isa = XCConfigurationList;
			buildConfigurations = (
				12C67D3925C506BE00664C7C /* Debug */,
				12C67D3A25C506BE00664C7C /* Release */,
			);
			defaultConfigurationIsVisible = 0;
			defaultConfigurationName = Release;
		};
/* End XCConfigurationList section */
	};
	rootObject = 12C67D1C25C506BC00664C7C /* Project object */;
}
