// !$*UTF8*$!
{
	archiveVersion = 1;
	classes = {
	};
	objectVersion = 50;
	objects = {

/* Begin PBXBuildFile section */
		124C538726CE867500FDD253 /* AppDelegate.swift in Sources */ = {isa = PBXBuildFile; fileRef = 124C538626CE867500FDD253 /* AppDelegate.swift */; };
		124C538926CE867500FDD253 /* SceneDelegate.swift in Sources */ = {isa = PBXBuildFile; fileRef = 124C538826CE867500FDD253 /* SceneDelegate.swift */; };
		124C538E26CE867500FDD253 /* Main.storyboard in Resources */ = {isa = PBXBuildFile; fileRef = 124C538C26CE867500FDD253 /* Main.storyboard */; };
		124C539026CE867800FDD253 /* Assets.xcassets in Resources */ = {isa = PBXBuildFile; fileRef = 124C538F26CE867800FDD253 /* Assets.xcassets */; };
		124C539326CE867800FDD253 /* LaunchScreen.storyboard in Resources */ = {isa = PBXBuildFile; fileRef = 124C539126CE867800FDD253 /* LaunchScreen.storyboard */; };
		124C53A126CE947600FDD253 /* ListNotesViewController.swift in Sources */ = {isa = PBXBuildFile; fileRef = 124C53A026CE947600FDD253 /* ListNotesViewController.swift */; };
		124C53A626CE950600FDD253 /* EditNoteViewController.swift in Sources */ = {isa = PBXBuildFile; fileRef = 124C53A526CE950600FDD253 /* EditNoteViewController.swift */; };
		124C53AA26CE955B00FDD253 /* ListNoteTableViewCell.swift in Sources */ = {isa = PBXBuildFile; fileRef = 124C53A926CE955B00FDD253 /* ListNoteTableViewCell.swift */; };
		124C53AE26CE96C600FDD253 /* Note.swift in Sources */ = {isa = PBXBuildFile; fileRef = 124C53AD26CE96C600FDD253 /* Note.swift */; };
		124C53B226CE9F1000FDD253 /* Date+Extension.swift in Sources */ = {isa = PBXBuildFile; fileRef = 124C53B126CE9F1000FDD253 /* Date+Extension.swift */; };
/* End PBXBuildFile section */

/* Begin PBXFileReference section */
		124C538326CE867500FDD253 /* MyNotes.app */ = {isa = PBXFileReference; explicitFileType = wrapper.application; includeInIndex = 0; path = MyNotes.app; sourceTree = BUILT_PRODUCTS_DIR; };
		124C538626CE867500FDD253 /* AppDelegate.swift */ = {isa = PBXFileReference; lastKnownFileType = sourcecode.swift; path = AppDelegate.swift; sourceTree = "<group>"; };
		124C538826CE867500FDD253 /* SceneDelegate.swift */ = {isa = PBXFileReference; lastKnownFileType = sourcecode.swift; path = SceneDelegate.swift; sourceTree = "<group>"; };
		124C538D26CE867500FDD253 /* Base */ = {isa = PBXFileReference; lastKnownFileType = file.storyboard; name = Base; path = Base.lproj/Main.storyboard; sourceTree = "<group>"; };
		124C538F26CE867800FDD253 /* Assets.xcassets */ = {isa = PBXFileReference; lastKnownFileType = folder.assetcatalog; path = Assets.xcassets; sourceTree = "<group>"; };
		124C539226CE867800FDD253 /* Base */ = {isa = PBXFileReference; lastKnownFileType = file.storyboard; name = Base; path = Base.lproj/LaunchScreen.storyboard; sourceTree = "<group>"; };
		124C539426CE867800FDD253 /* Info.plist */ = {isa = PBXFileReference; lastKnownFileType = text.plist.xml; path = Info.plist; sourceTree = "<group>"; };
		124C53A026CE947600FDD253 /* ListNotesViewController.swift */ = {isa = PBXFileReference; lastKnownFileType = sourcecode.swift; path = ListNotesViewController.swift; sourceTree = "<group>"; };
		124C53A526CE950600FDD253 /* EditNoteViewController.swift */ = {isa = PBXFileReference; lastKnownFileType = sourcecode.swift; path = EditNoteViewController.swift; sourceTree = "<group>"; };
		124C53A926CE955B00FDD253 /* ListNoteTableViewCell.swift */ = {isa = PBXFileReference; lastKnownFileType = sourcecode.swift; path = ListNoteTableViewCell.swift; sourceTree = "<group>"; };
		124C53AD26CE96C600FDD253 /* Note.swift */ = {isa = PBXFileReference; lastKnownFileType = sourcecode.swift; path = Note.swift; sourceTree = "<group>"; };
		124C53B126CE9F1000FDD253 /* Date+Extension.swift */ = {isa = PBXFileReference; lastKnownFileType = sourcecode.swift; path = "Date+Extension.swift"; sourceTree = "<group>"; };
/* End PBXFileReference section */

/* Begin PBXFrameworksBuildPhase section */
		124C538026CE867500FDD253 /* Frameworks */ = {
			isa = PBXFrameworksBuildPhase;
			buildActionMask = 2147483647;
			files = (
			);
			runOnlyForDeploymentPostprocessing = 0;
		};
/* End PBXFrameworksBuildPhase section */

/* Begin PBXGroup section */
		124C537A26CE867500FDD253 = {
			isa = PBXGroup;
			children = (
				124C538526CE867500FDD253 /* MyNotes */,
				124C538426CE867500FDD253 /* Products */,
			);
			sourceTree = "<group>";
		};
		124C538426CE867500FDD253 /* Products */ = {
			isa = PBXGroup;
			children = (
				124C538326CE867500FDD253 /* MyNotes.app */,
			);
			name = Products;
			sourceTree = "<group>";
		};
		124C538526CE867500FDD253 /* MyNotes */ = {
			isa = PBXGroup;
			children = (
				124C538626CE867500FDD253 /* AppDelegate.swift */,
				124C538826CE867500FDD253 /* SceneDelegate.swift */,
				124C538C26CE867500FDD253 /* Main.storyboard */,
				124C538F26CE867800FDD253 /* Assets.xcassets */,
				124C539126CE867800FDD253 /* LaunchScreen.storyboard */,
				124C53B026CE9F0300FDD253 /* Extensions */,
				124C539D26CE943800FDD253 /* Models */,
				124C539B26CE941900FDD253 /* Views */,
				124C539426CE867800FDD253 /* Info.plist */,
			);
			path = MyNotes;
			sourceTree = "<group>";
		};
		124C539B26CE941900FDD253 /* Views */ = {
			isa = PBXGroup;
			children = (
				124C539E26CE944400FDD253 /* ListNotes */,
				124C539F26CE944A00FDD253 /* EditNote */,
			);
			path = Views;
			sourceTree = "<group>";
		};
		124C539D26CE943800FDD253 /* Models */ = {
			isa = PBXGroup;
			children = (
				124C53AD26CE96C600FDD253 /* Note.swift */,
			);
			path = Models;
			sourceTree = "<group>";
		};
		124C539E26CE944400FDD253 /* ListNotes */ = {
			isa = PBXGroup;
			children = (
				124C53A026CE947600FDD253 /* ListNotesViewController.swift */,
				124C53A926CE955B00FDD253 /* ListNoteTableViewCell.swift */,
			);
			path = ListNotes;
			sourceTree = "<group>";
		};
		124C539F26CE944A00FDD253 /* EditNote */ = {
			isa = PBXGroup;
			children = (
				124C53A526CE950600FDD253 /* EditNoteViewController.swift */,
			);
			path = EditNote;
			sourceTree = "<group>";
		};
		124C53B026CE9F0300FDD253 /* Extensions */ = {
			isa = PBXGroup;
			children = (
				124C53B126CE9F1000FDD253 /* Date+Extension.swift */,
			);
			path = Extensions;
			sourceTree = "<group>";
		};
/* End PBXGroup section */

/* Begin PBXNativeTarget section */
		124C538226CE867500FDD253 /* MyNotes */ = {
			isa = PBXNativeTarget;
			buildConfigurationList = 124C539726CE867800FDD253 /* Build configuration list for PBXNativeTarget "MyNotes" */;
			buildPhases = (
				124C537F26CE867500FDD253 /* Sources */,
				124C538026CE867500FDD253 /* Frameworks */,
				124C538126CE867500FDD253 /* Resources */,
			);
			buildRules = (
			);
			dependencies = (
			);
			name = MyNotes;
			productName = MyNotes;
			productReference = 124C538326CE867500FDD253 /* MyNotes.app */;
			productType = "com.apple.product-type.application";
		};
/* End PBXNativeTarget section */

/* Begin PBXProject section */
		124C537B26CE867500FDD253 /* Project object */ = {
			isa = PBXProject;
			attributes = {
				LastSwiftUpdateCheck = 1240;
				LastUpgradeCheck = 1240;
				TargetAttributes = {
					124C538226CE867500FDD253 = {
						CreatedOnToolsVersion = 12.4;
					};
				};
			};
			buildConfigurationList = 124C537E26CE867500FDD253 /* Build configuration list for PBXProject "MyNotes" */;
			compatibilityVersion = "Xcode 9.3";
			developmentRegion = en;
			hasScannedForEncodings = 0;
			knownRegions = (
				en,
				Base,
			);
			mainGroup = 124C537A26CE867500FDD253;
			productRefGroup = 124C538426CE867500FDD253 /* Products */;
			projectDirPath = "";
			projectRoot = "";
			targets = (
				124C538226CE867500FDD253 /* MyNotes */,
			);
		};
/* End PBXProject section */

/* Begin PBXResourcesBuildPhase section */
		124C538126CE867500FDD253 /* Resources */ = {
			isa = PBXResourcesBuildPhase;
			buildActionMask = 2147483647;
			files = (
				124C539326CE867800FDD253 /* LaunchScreen.storyboard in Resources */,
				124C539026CE867800FDD253 /* Assets.xcassets in Resources */,
				124C538E26CE867500FDD253 /* Main.storyboard in Resources */,
			);
			runOnlyForDeploymentPostprocessing = 0;
		};
/* End PBXResourcesBuildPhase section */

/* Begin PBXSourcesBuildPhase section */
		124C537F26CE867500FDD253 /* Sources */ = {
			isa = PBXSourcesBuildPhase;
			buildActionMask = 2147483647;
			files = (
				124C538726CE867500FDD253 /* AppDelegate.swift in Sources */,
				124C53A126CE947600FDD253 /* ListNotesViewController.swift in Sources */,
				124C53A626CE950600FDD253 /* EditNoteViewController.swift in Sources */,
				124C53AA26CE955B00FDD253 /* ListNoteTableViewCell.swift in Sources */,
				124C53B226CE9F1000FDD253 /* Date+Extension.swift in Sources */,
				124C538926CE867500FDD253 /* SceneDelegate.swift in Sources */,
				124C53AE26CE96C600FDD253 /* Note.swift in Sources */,
			);
			runOnlyForDeploymentPostprocessing = 0;
		};
/* End PBXSourcesBuildPhase section */

/* Begin PBXVariantGroup section */
		124C538C26CE867500FDD253 /* Main.storyboard */ = {
			isa = PBXVariantGroup;
			children = (
				124C538D26CE867500FDD253 /* Base */,
			);
			name = Main.storyboard;
			sourceTree = "<group>";
		};
		124C539126CE867800FDD253 /* LaunchScreen.storyboard */ = {
			isa = PBXVariantGroup;
			children = (
				124C539226CE867800FDD253 /* Base */,
			);
			name = LaunchScreen.storyboard;
			sourceTree = "<group>";
		};
/* End PBXVariantGroup section */

/* Begin XCBuildConfiguration section */
		124C539526CE867800FDD253 /* Debug */ = {
			isa = XCBuildConfiguration;
			buildSettings = {
				ALWAYS_SEARCH_USER_PATHS = NO;
				CLANG_ANALYZER_NONNULL = YES;
				CLANG_ANALYZER_NUMBER_OBJECT_CONVERSION = YES_AGGRESSIVE;
				CLANG_CXX_LANGUAGE_STANDARD = "gnu++14";
				CLANG_CXX_LIBRARY = "libc++";
				CLANG_ENABLE_MODULES = YES;
				CLANG_ENABLE_OBJC_ARC = YES;
				CLANG_ENABLE_OBJC_WEAK = YES;
				CLANG_WARN_BLOCK_CAPTURE_AUTORELEASING = YES;
				CLANG_WARN_BOOL_CONVERSION = YES;
				CLANG_WARN_COMMA = YES;
				CLANG_WARN_CONSTANT_CONVERSION = YES;
				CLANG_WARN_DEPRECATED_OBJC_IMPLEMENTATIONS = YES;
				CLANG_WARN_DIRECT_OBJC_ISA_USAGE = YES_ERROR;
				CLANG_WARN_DOCUMENTATION_COMMENTS = YES;
				CLANG_WARN_EMPTY_BODY = YES;
				CLANG_WARN_ENUM_CONVERSION = YES;
				CLANG_WARN_INFINITE_RECURSION = YES;
				CLANG_WARN_INT_CONVERSION = YES;
				CLANG_WARN_NON_LITERAL_NULL_CONVERSION = YES;
				CLANG_WARN_OBJC_IMPLICIT_RETAIN_SELF = YES;
				CLANG_WARN_OBJC_LITERAL_CONVERSION = YES;
				CLANG_WARN_OBJC_ROOT_CLASS = YES_ERROR;
				CLANG_WARN_QUOTED_INCLUDE_IN_FRAMEWORK_HEADER = YES;
				CLANG_WARN_RANGE_LOOP_ANALYSIS = YES;
				CLANG_WARN_STRICT_PROTOTYPES = YES;
				CLANG_WARN_SUSPICIOUS_MOVE = YES;
				CLANG_WARN_UNGUARDED_AVAILABILITY = YES_AGGRESSIVE;
				CLANG_WARN_UNREACHABLE_CODE = YES;
				CLANG_WARN__DUPLICATE_METHOD_MATCH = YES;
				COPY_PHASE_STRIP = NO;
				DEBUG_INFORMATION_FORMAT = dwarf;
				ENABLE_STRICT_OBJC_MSGSEND = YES;
				ENABLE_TESTABILITY = YES;
				GCC_C_LANGUAGE_STANDARD = gnu11;
				GCC_DYNAMIC_NO_PIC = NO;
				GCC_NO_COMMON_BLOCKS = YES;
				GCC_OPTIMIZATION_LEVEL = 0;
				GCC_PREPROCESSOR_DEFINITIONS = (
					"DEBUG=1",
					"$(inherited)",
				);
				GCC_WARN_64_TO_32_BIT_CONVERSION = YES;
				GCC_WARN_ABOUT_RETURN_TYPE = YES_ERROR;
				GCC_WARN_UNDECLARED_SELECTOR = YES;
				GCC_WARN_UNINITIALIZED_AUTOS = YES_AGGRESSIVE;
				GCC_WARN_UNUSED_FUNCTION = YES;
				GCC_WARN_UNUSED_VARIABLE = YES;
				IPHONEOS_DEPLOYMENT_TARGET = 14.4;
				MTL_ENABLE_DEBUG_INFO = INCLUDE_SOURCE;
				MTL_FAST_MATH = YES;
				ONLY_ACTIVE_ARCH = YES;
				SDKROOT = iphoneos;
				SWIFT_ACTIVE_COMPILATION_CONDITIONS = DEBUG;
				SWIFT_OPTIMIZATION_LEVEL = "-Onone";
			};
			name = Debug;
		};
		124C539626CE867800FDD253 /* Release */ = {
			isa = XCBuildConfiguration;
			buildSettings = {
				ALWAYS_SEARCH_USER_PATHS = NO;
				CLANG_ANALYZER_NONNULL = YES;
				CLANG_ANALYZER_NUMBER_OBJECT_CONVERSION = YES_AGGRESSIVE;
				CLANG_CXX_LANGUAGE_STANDARD = "gnu++14";
				CLANG_CXX_LIBRARY = "libc++";
				CLANG_ENABLE_MODULES = YES;
				CLANG_ENABLE_OBJC_ARC = YES;
				CLANG_ENABLE_OBJC_WEAK = YES;
				CLANG_WARN_BLOCK_CAPTURE_AUTORELEASING = YES;
				CLANG_WARN_BOOL_CONVERSION = YES;
				CLANG_WARN_COMMA = YES;
				CLANG_WARN_CONSTANT_CONVERSION = YES;
				CLANG_WARN_DEPRECATED_OBJC_IMPLEMENTATIONS = YES;
				CLANG_WARN_DIRECT_OBJC_ISA_USAGE = YES_ERROR;
				CLANG_WARN_DOCUMENTATION_COMMENTS = YES;
				CLANG_WARN_EMPTY_BODY = YES;
				CLANG_WARN_ENUM_CONVERSION = YES;
				CLANG_WARN_INFINITE_RECURSION = YES;
				CLANG_WARN_INT_CONVERSION = YES;
				CLANG_WARN_NON_LITERAL_NULL_CONVERSION = YES;
				CLANG_WARN_OBJC_IMPLICIT_RETAIN_SELF = YES;
				CLANG_WARN_OBJC_LITERAL_CONVERSION = YES;
				CLANG_WARN_OBJC_ROOT_CLASS = YES_ERROR;
				CLANG_WARN_QUOTED_INCLUDE_IN_FRAMEWORK_HEADER = YES;
				CLANG_WARN_RANGE_LOOP_ANALYSIS = YES;
				CLANG_WARN_STRICT_PROTOTYPES = YES;
				CLANG_WARN_SUSPICIOUS_MOVE = YES;
				CLANG_WARN_UNGUARDED_AVAILABILITY = YES_AGGRESSIVE;
				CLANG_WARN_UNREACHABLE_CODE = YES;
				CLANG_WARN__DUPLICATE_METHOD_MATCH = YES;
				COPY_PHASE_STRIP = NO;
				DEBUG_INFORMATION_FORMAT = "dwarf-with-dsym";
				ENABLE_NS_ASSERTIONS = NO;
				ENABLE_STRICT_OBJC_MSGSEND = YES;
				GCC_C_LANGUAGE_STANDARD = gnu11;
				GCC_NO_COMMON_BLOCKS = YES;
				GCC_WARN_64_TO_32_BIT_CONVERSION = YES;
				GCC_WARN_ABOUT_RETURN_TYPE = YES_ERROR;
				GCC_WARN_UNDECLARED_SELECTOR = YES;
				GCC_WARN_UNINITIALIZED_AUTOS = YES_AGGRESSIVE;
				GCC_WARN_UNUSED_FUNCTION = YES;
				GCC_WARN_UNUSED_VARIABLE = YES;
				IPHONEOS_DEPLOYMENT_TARGET = 14.4;
				MTL_ENABLE_DEBUG_INFO = NO;
				MTL_FAST_MATH = YES;
				SDKROOT = iphoneos;
				SWIFT_COMPILATION_MODE = wholemodule;
				SWIFT_OPTIMIZATION_LEVEL = "-O";
				VALIDATE_PRODUCT = YES;
			};
			name = Release;
		};
		124C539826CE867800FDD253 /* Debug */ = {
			isa = XCBuildConfiguration;
			buildSettings = {
				ASSETCATALOG_COMPILER_APPICON_NAME = AppIcon;
				ASSETCATALOG_COMPILER_GLOBAL_ACCENT_COLOR_NAME = AccentColor;
				CODE_SIGN_STYLE = Automatic;
				DEVELOPMENT_TEAM = 6UAA8A2U3S;
				INFOPLIST_FILE = MyNotes/Info.plist;
				LD_RUNPATH_SEARCH_PATHS = (
					"$(inherited)",
					"@executable_path/Frameworks",
				);
				PRODUCT_BUNDLE_IDENTIFIER = com.macco.MyNotes;
				PRODUCT_NAME = "$(TARGET_NAME)";
				SWIFT_VERSION = 5.0;
				TARGETED_DEVICE_FAMILY = "1,2";
			};
			name = Debug;
		};
		124C539926CE867800FDD253 /* Release */ = {
			isa = XCBuildConfiguration;
			buildSettings = {
				ASSETCATALOG_COMPILER_APPICON_NAME = AppIcon;
				ASSETCATALOG_COMPILER_GLOBAL_ACCENT_COLOR_NAME = AccentColor;
				CODE_SIGN_STYLE = Automatic;
				DEVELOPMENT_TEAM = 6UAA8A2U3S;
				INFOPLIST_FILE = MyNotes/Info.plist;
				LD_RUNPATH_SEARCH_PATHS = (
					"$(inherited)",
					"@executable_path/Frameworks",
				);
				PRODUCT_BUNDLE_IDENTIFIER = com.macco.MyNotes;
				PRODUCT_NAME = "$(TARGET_NAME)";
				SWIFT_VERSION = 5.0;
				TARGETED_DEVICE_FAMILY = "1,2";
			};
			name = Release;
		};
/* End XCBuildConfiguration section */

/* Begin XCConfigurationList section */
		124C537E26CE867500FDD253 /* Build configuration list for PBXProject "MyNotes" */ = {
			isa = XCConfigurationList;
			buildConfigurations = (
				124C539526CE867800FDD253 /* Debug */,
				124C539626CE867800FDD253 /* Release */,
			);
			defaultConfigurationIsVisible = 0;
			defaultConfigurationName = Release;
		};
		124C539726CE867800FDD253 /* Build configuration list for PBXNativeTarget "MyNotes" */ = {
			isa = XCConfigurationList;
			buildConfigurations = (
				124C539826CE867800FDD253 /* Debug */,
				124C539926CE867800FDD253 /* Release */,
			);
			defaultConfigurationIsVisible = 0;
			defaultConfigurationName = Release;
		};
/* End XCConfigurationList section */
	};
	rootObject = 124C537B26CE867500FDD253 /* Project object */;
}
