// !$*UTF8*$!
{
	archiveVersion = 1;
	classes = {
	};
	objectVersion = 50;
	objects = {

/* Begin PBXBuildFile section */
		12C3DEC924664E9B00D63A00 /* AppDelegate.swift in Sources */ = {isa = PBXBuildFile; fileRef = 12C3DEC824664E9B00D63A00 /* AppDelegate.swift */; };
		12C3DECB24664E9B00D63A00 /* SceneDelegate.swift in Sources */ = {isa = PBXBuildFile; fileRef = 12C3DECA24664E9B00D63A00 /* SceneDelegate.swift */; };
		12C3DECD24664E9B00D63A00 /* ViewController.swift in Sources */ = {isa = PBXBuildFile; fileRef = 12C3DECC24664E9B00D63A00 /* ViewController.swift */; };
		12C3DED024664E9B00D63A00 /* Main.storyboard in Resources */ = {isa = PBXBuildFile; fileRef = 12C3DECE24664E9B00D63A00 /* Main.storyboard */; };
		12C3DED224664EA000D63A00 /* Assets.xcassets in Resources */ = {isa = PBXBuildFile; fileRef = 12C3DED124664EA000D63A00 /* Assets.xcassets */; };
		12C3DED524664EA000D63A00 /* LaunchScreen.storyboard in Resources */ = {isa = PBXBuildFile; fileRef = 12C3DED324664EA000D63A00 /* LaunchScreen.storyboard */; };
/* End PBXBuildFile section */

/* Begin PBXFileReference section */
		12C3DEC524664E9B00D63A00 /* Events.app */ = {isa = PBXFileReference; explicitFileType = wrapper.application; includeInIndex = 0; path = Events.app; sourceTree = BUILT_PRODUCTS_DIR; };
		12C3DEC824664E9B00D63A00 /* AppDelegate.swift */ = {isa = PBXFileReference; lastKnownFileType = sourcecode.swift; path = AppDelegate.swift; sourceTree = "<group>"; };
		12C3DECA24664E9B00D63A00 /* SceneDelegate.swift */ = {isa = PBXFileReference; lastKnownFileType = sourcecode.swift; path = SceneDelegate.swift; sourceTree = "<group>"; };
		12C3DECC24664E9B00D63A00 /* ViewController.swift */ = {isa = PBXFileReference; lastKnownFileType = sourcecode.swift; path = ViewController.swift; sourceTree = "<group>"; };
		12C3DECF24664E9B00D63A00 /* Base */ = {isa = PBXFileReference; lastKnownFileType = file.storyboard; name = Base; path = Base.lproj/Main.storyboard; sourceTree = "<group>"; };
		12C3DED124664EA000D63A00 /* Assets.xcassets */ = {isa = PBXFileReference; lastKnownFileType = folder.assetcatalog; path = Assets.xcassets; sourceTree = "<group>"; };
		12C3DED424664EA000D63A00 /* Base */ = {isa = PBXFileReference; lastKnownFileType = file.storyboard; name = Base; path = Base.lproj/LaunchScreen.storyboard; sourceTree = "<group>"; };
		12C3DED624664EA000D63A00 /* Info.plist */ = {isa = PBXFileReference; lastKnownFileType = text.plist.xml; path = Info.plist; sourceTree = "<group>"; };
/* End PBXFileReference section */

/* Begin PBXFrameworksBuildPhase section */
		12C3DEC224664E9B00D63A00 /* Frameworks */ = {
			isa = PBXFrameworksBuildPhase;
			buildActionMask = 2147483647;
			files = (
			);
			runOnlyForDeploymentPostprocessing = 0;
		};
/* End PBXFrameworksBuildPhase section */

/* Begin PBXGroup section */
		12C3DEBC24664E9A00D63A00 = {
			isa = PBXGroup;
			children = (
				12C3DEC724664E9B00D63A00 /* Events */,
				12C3DEC624664E9B00D63A00 /* Products */,
			);
			sourceTree = "<group>";
		};
		12C3DEC624664E9B00D63A00 /* Products */ = {
			isa = PBXGroup;
			children = (
				12C3DEC524664E9B00D63A00 /* Events.app */,
			);
			name = Products;
			sourceTree = "<group>";
		};
		12C3DEC724664E9B00D63A00 /* Events */ = {
			isa = PBXGroup;
			children = (
				12C3DEC824664E9B00D63A00 /* AppDelegate.swift */,
				12C3DECA24664E9B00D63A00 /* SceneDelegate.swift */,
				12C3DECC24664E9B00D63A00 /* ViewController.swift */,
				12C3DECE24664E9B00D63A00 /* Main.storyboard */,
				12C3DED124664EA000D63A00 /* Assets.xcassets */,
				12C3DED324664EA000D63A00 /* LaunchScreen.storyboard */,
				12C3DED624664EA000D63A00 /* Info.plist */,
			);
			path = Events;
			sourceTree = "<group>";
		};
/* End PBXGroup section */

/* Begin PBXNativeTarget section */
		12C3DEC424664E9B00D63A00 /* Events */ = {
			isa = PBXNativeTarget;
			buildConfigurationList = 12C3DED924664EA000D63A00 /* Build configuration list for PBXNativeTarget "Events" */;
			buildPhases = (
				12C3DEC124664E9B00D63A00 /* Sources */,
				12C3DEC224664E9B00D63A00 /* Frameworks */,
				12C3DEC324664E9B00D63A00 /* Resources */,
			);
			buildRules = (
			);
			dependencies = (
			);
			name = Events;
			productName = Events;
			productReference = 12C3DEC524664E9B00D63A00 /* Events.app */;
			productType = "com.apple.product-type.application";
		};
/* End PBXNativeTarget section */

/* Begin PBXProject section */
		12C3DEBD24664E9A00D63A00 /* Project object */ = {
			isa = PBXProject;
			attributes = {
				LastSwiftUpdateCheck = 1140;
				LastUpgradeCheck = 1140;
				ORGANIZATIONNAME = "Emmanuel Okwara";
				TargetAttributes = {
					12C3DEC424664E9B00D63A00 = {
						CreatedOnToolsVersion = 11.4;
					};
				};
			};
			buildConfigurationList = 12C3DEC024664E9A00D63A00 /* Build configuration list for PBXProject "Events" */;
			compatibilityVersion = "Xcode 9.3";
			developmentRegion = en;
			hasScannedForEncodings = 0;
			knownRegions = (
				en,
				Base,
			);
			mainGroup = 12C3DEBC24664E9A00D63A00;
			productRefGroup = 12C3DEC624664E9B00D63A00 /* Products */;
			projectDirPath = "";
			projectRoot = "";
			targets = (
				12C3DEC424664E9B00D63A00 /* Events */,
			);
		};
/* End PBXProject section */

/* Begin PBXResourcesBuildPhase section */
		12C3DEC324664E9B00D63A00 /* Resources */ = {
			isa = PBXResourcesBuildPhase;
			buildActionMask = 2147483647;
			files = (
				12C3DED524664EA000D63A00 /* LaunchScreen.storyboard in Resources */,
				12C3DED224664EA000D63A00 /* Assets.xcassets in Resources */,
				12C3DED024664E9B00D63A00 /* Main.storyboard in Resources */,
			);
			runOnlyForDeploymentPostprocessing = 0;
		};
/* End PBXResourcesBuildPhase section */

/* Begin PBXSourcesBuildPhase section */
		12C3DEC124664E9B00D63A00 /* Sources */ = {
			isa = PBXSourcesBuildPhase;
			buildActionMask = 2147483647;
			files = (
				12C3DECD24664E9B00D63A00 /* ViewController.swift in Sources */,
				12C3DEC924664E9B00D63A00 /* AppDelegate.swift in Sources */,
				12C3DECB24664E9B00D63A00 /* SceneDelegate.swift in Sources */,
			);
			runOnlyForDeploymentPostprocessing = 0;
		};
/* End PBXSourcesBuildPhase section */

/* Begin PBXVariantGroup section */
		12C3DECE24664E9B00D63A00 /* Main.storyboard */ = {
			isa = PBXVariantGroup;
			children = (
				12C3DECF24664E9B00D63A00 /* Base */,
			);
			name = Main.storyboard;
			sourceTree = "<group>";
		};
		12C3DED324664EA000D63A00 /* LaunchScreen.storyboard */ = {
			isa = PBXVariantGroup;
			children = (
				12C3DED424664EA000D63A00 /* Base */,
			);
			name = LaunchScreen.storyboard;
			sourceTree = "<group>";
		};
/* End PBXVariantGroup section */

/* Begin XCBuildConfiguration section */
		12C3DED724664EA000D63A00 /* Debug */ = {
			isa = XCBuildConfiguration;
			buildSettings = {
				ALWAYS_SEARCH_USER_PATHS = NO;
				CLANG_ANALYZER_NONNULL = YES;
				CLANG_ANALYZER_NUMBER_OBJECT_CONVERSION = YES_AGGRESSIVE;
				CLANG_CXX_LANGUAGE_STANDARD = "gnu++14";
				CLANG_CXX_LIBRARY = "libc++";
				CLANG_ENABLE_MODULES = YES;
				CLANG_ENABLE_OBJC_ARC = YES;
				CLANG_ENABLE_OBJC_WEAK = YES;
				CLANG_WARN_BLOCK_CAPTURE_AUTORELEASING = YES;
				CLANG_WARN_BOOL_CONVERSION = YES;
				CLANG_WARN_COMMA = YES;
				CLANG_WARN_CONSTANT_CONVERSION = YES;
				CLANG_WARN_DEPRECATED_OBJC_IMPLEMENTATIONS = YES;
				CLANG_WARN_DIRECT_OBJC_ISA_USAGE = YES_ERROR;
				CLANG_WARN_DOCUMENTATION_COMMENTS = YES;
				CLANG_WARN_EMPTY_BODY = YES;
				CLANG_WARN_ENUM_CONVERSION = YES;
				CLANG_WARN_INFINITE_RECURSION = YES;
				CLANG_WARN_INT_CONVERSION = YES;
				CLANG_WARN_NON_LITERAL_NULL_CONVERSION = YES;
				CLANG_WARN_OBJC_IMPLICIT_RETAIN_SELF = YES;
				CLANG_WARN_OBJC_LITERAL_CONVERSION = YES;
				CLANG_WARN_OBJC_ROOT_CLASS = YES_ERROR;
				CLANG_WARN_RANGE_LOOP_ANALYSIS = YES;
				CLANG_WARN_STRICT_PROTOTYPES = YES;
				CLANG_WARN_SUSPICIOUS_MOVE = YES;
				CLANG_WARN_UNGUARDED_AVAILABILITY = YES_AGGRESSIVE;
				CLANG_WARN_UNREACHABLE_CODE = YES;
				CLANG_WARN__DUPLICATE_METHOD_MATCH = YES;
				COPY_PHASE_STRIP = NO;
				DEBUG_INFORMATION_FORMAT = dwarf;
				ENABLE_STRICT_OBJC_MSGSEND = YES;
				ENABLE_TESTABILITY = YES;
				GCC_C_LANGUAGE_STANDARD = gnu11;
				GCC_DYNAMIC_NO_PIC = NO;
				GCC_NO_COMMON_BLOCKS = YES;
				GCC_OPTIMIZATION_LEVEL = 0;
				GCC_PREPROCESSOR_DEFINITIONS = (
					"DEBUG=1",
					"$(inherited)",
				);
				GCC_WARN_64_TO_32_BIT_CONVERSION = YES;
				GCC_WARN_ABOUT_RETURN_TYPE = YES_ERROR;
				GCC_WARN_UNDECLARED_SELECTOR = YES;
				GCC_WARN_UNINITIALIZED_AUTOS = YES_AGGRESSIVE;
				GCC_WARN_UNUSED_FUNCTION = YES;
				GCC_WARN_UNUSED_VARIABLE = YES;
				IPHONEOS_DEPLOYMENT_TARGET = 13.4;
				MTL_ENABLE_DEBUG_INFO = INCLUDE_SOURCE;
				MTL_FAST_MATH = YES;
				ONLY_ACTIVE_ARCH = YES;
				SDKROOT = iphoneos;
				SWIFT_ACTIVE_COMPILATION_CONDITIONS = DEBUG;
				SWIFT_OPTIMIZATION_LEVEL = "-Onone";
			};
			name = Debug;
		};
		12C3DED824664EA000D63A00 /* Release */ = {
			isa = XCBuildConfiguration;
			buildSettings = {
				ALWAYS_SEARCH_USER_PATHS = NO;
				CLANG_ANALYZER_NONNULL = YES;
				CLANG_ANALYZER_NUMBER_OBJECT_CONVERSION = YES_AGGRESSIVE;
				CLANG_CXX_LANGUAGE_STANDARD = "gnu++14";
				CLANG_CXX_LIBRARY = "libc++";
				CLANG_ENABLE_MODULES = YES;
				CLANG_ENABLE_OBJC_ARC = YES;
				CLANG_ENABLE_OBJC_WEAK = YES;
				CLANG_WARN_BLOCK_CAPTURE_AUTORELEASING = YES;
				CLANG_WARN_BOOL_CONVERSION = YES;
				CLANG_WARN_COMMA = YES;
				CLANG_WARN_CONSTANT_CONVERSION = YES;
				CLANG_WARN_DEPRECATED_OBJC_IMPLEMENTATIONS = YES;
				CLANG_WARN_DIRECT_OBJC_ISA_USAGE = YES_ERROR;
				CLANG_WARN_DOCUMENTATION_COMMENTS = YES;
				CLANG_WARN_EMPTY_BODY = YES;
				CLANG_WARN_ENUM_CONVERSION = YES;
				CLANG_WARN_INFINITE_RECURSION = YES;
				CLANG_WARN_INT_CONVERSION = YES;
				CLANG_WARN_NON_LITERAL_NULL_CONVERSION = YES;
				CLANG_WARN_OBJC_IMPLICIT_RETAIN_SELF = YES;
				CLANG_WARN_OBJC_LITERAL_CONVERSION = YES;
				CLANG_WARN_OBJC_ROOT_CLASS = YES_ERROR;
				CLANG_WARN_RANGE_LOOP_ANALYSIS = YES;
				CLANG_WARN_STRICT_PROTOTYPES = YES;
				CLANG_WARN_SUSPICIOUS_MOVE = YES;
				CLANG_WARN_UNGUARDED_AVAILABILITY = YES_AGGRESSIVE;
				CLANG_WARN_UNREACHABLE_CODE = YES;
				CLANG_WARN__DUPLICATE_METHOD_MATCH = YES;
				COPY_PHASE_STRIP = NO;
				DEBUG_INFORMATION_FORMAT = "dwarf-with-dsym";
				ENABLE_NS_ASSERTIONS = NO;
				ENABLE_STRICT_OBJC_MSGSEND = YES;
				GCC_C_LANGUAGE_STANDARD = gnu11;
				GCC_NO_COMMON_BLOCKS = YES;
				GCC_WARN_64_TO_32_BIT_CONVERSION = YES;
				GCC_WARN_ABOUT_RETURN_TYPE = YES_ERROR;
				GCC_WARN_UNDECLARED_SELECTOR = YES;
				GCC_WARN_UNINITIALIZED_AUTOS = YES_AGGRESSIVE;
				GCC_WARN_UNUSED_FUNCTION = YES;
				GCC_WARN_UNUSED_VARIABLE = YES;
				IPHONEOS_DEPLOYMENT_TARGET = 13.4;
				MTL_ENABLE_DEBUG_INFO = NO;
				MTL_FAST_MATH = YES;
				SDKROOT = iphoneos;
				SWIFT_COMPILATION_MODE = wholemodule;
				SWIFT_OPTIMIZATION_LEVEL = "-O";
				VALIDATE_PRODUCT = YES;
			};
			name = Release;
		};
		12C3DEDA24664EA000D63A00 /* Debug */ = {
			isa = XCBuildConfiguration;
			buildSettings = {
				ASSETCATALOG_COMPILER_APPICON_NAME = AppIcon;
				CODE_SIGN_STYLE = Automatic;
				DEVELOPMENT_TEAM = RT459C64W3;
				INFOPLIST_FILE = Events/Info.plist;
				LD_RUNPATH_SEARCH_PATHS = (
					"$(inherited)",
					"@executable_path/Frameworks",
				);
				PRODUCT_BUNDLE_IDENTIFIER = com.macco.Events;
				PRODUCT_NAME = "$(TARGET_NAME)";
				SWIFT_VERSION = 5.0;
				TARGETED_DEVICE_FAMILY = "1,2";
			};
			name = Debug;
		};
		12C3DEDB24664EA000D63A00 /* Release */ = {
			isa = XCBuildConfiguration;
			buildSettings = {
				ASSETCATALOG_COMPILER_APPICON_NAME = AppIcon;
				CODE_SIGN_STYLE = Automatic;
				DEVELOPMENT_TEAM = RT459C64W3;
				INFOPLIST_FILE = Events/Info.plist;
				LD_RUNPATH_SEARCH_PATHS = (
					"$(inherited)",
					"@executable_path/Frameworks",
				);
				PRODUCT_BUNDLE_IDENTIFIER = com.macco.Events;
				PRODUCT_NAME = "$(TARGET_NAME)";
				SWIFT_VERSION = 5.0;
				TARGETED_DEVICE_FAMILY = "1,2";
			};
			name = Release;
		};
/* End XCBuildConfiguration section */

/* Begin XCConfigurationList section */
		12C3DEC024664E9A00D63A00 /* Build configuration list for PBXProject "Events" */ = {
			isa = XCConfigurationList;
			buildConfigurations = (
				12C3DED724664EA000D63A00 /* Debug */,
				12C3DED824664EA000D63A00 /* Release */,
			);
			defaultConfigurationIsVisible = 0;
			defaultConfigurationName = Release;
		};
		12C3DED924664EA000D63A00 /* Build configuration list for PBXNativeTarget "Events" */ = {
			isa = XCConfigurationList;
			buildConfigurations = (
				12C3DEDA24664EA000D63A00 /* Debug */,
				12C3DEDB24664EA000D63A00 /* Release */,
			);
			defaultConfigurationIsVisible = 0;
			defaultConfigurationName = Release;
		};
/* End XCConfigurationList section */
	};
	rootObject = 12C3DEBD24664E9A00D63A00 /* Project object */;
}
